PODS:
  - AFNetworking (2.4.1):
    - AFNetworking/NSURLConnection
    - AFNetworking/NSURLSession
    - AFNetworking/Reachability
    - AFNetworking/Security
    - AFNetworking/Serialization
    - AFNetworking/UIKit
  - AFNetworking/NSURLConnection (2.4.1):
    - AFNetworking/Reachability
    - AFNetworking/Security
    - AFNetworking/Serialization
  - AFNetworking/NSURLSession (2.4.1):
    - AFNetworking/Reachability
    - AFNetworking/Security
    - AFNetworking/Serialization
  - AFNetworking/Reachability (2.4.1)
  - AFNetworking/Security (2.4.1)
  - AFNetworking/Serialization (2.4.1)
  - AFNetworking/UIKit (2.4.1):
    - AFNetworking/NSURLConnection
    - AFNetworking/NSURLSession
  - Mantle (1.5.1):
    - Mantle/extobjc
  - Mantle/extobjc (1.5.1)
  - ObjectiveSugar (1.1.0)
  - SkyScraper (0.1):
    - SkyScraper/AFNetworking2
    - SkyScraper/Base
    - SkyScraper/Base
    - SkyScraper/libxslt-with-plugins
    - SkyScraper/Mantle
  - SkyScraper/AFNetworking2 (0.1):
    - AFNetworking (~> 2.4.1)
    - SkyScraper/Base
  - SkyScraper/Base (0.1):
    - SkyScraper/Base
    - SkyScraper/libxslt-with-plugins
  - SkyScraper/libxslt-with-plugins (0.1):
    - SkyScraper/Base
  - SkyScraper/Mantle (0.1):
    - Mantle
    - SkyScraper/Base
  - SVProgressHUD (1.0)

DEPENDENCIES:
  - ObjectiveSugar
  - SkyScraper (from `https://github.com/justadreamer/SkyScraper`)
  - SVProgressHUD

EXTERNAL SOURCES:
  SkyScraper:
    :git: https://github.com/justadreamer/SkyScraper

SPEC CHECKSUMS:
  AFNetworking: 0aabc6fae66d6e5d039eeb21c315843c7aae51ab
  Mantle: d7c5ac734579ec751c58fecbf56189853056c58c
  ObjectiveSugar: f48793f5902c77cfc02a4ce46d2e8ecddcad4dc2
  SkyScraper: b13a93ce197e529b7425518a24d668981962d76a
  SVProgressHUD: 5034c6e22b8c2ca3e09402e48d41ed0340aa1c50

COCOAPODS: 0.34.4
