PODS:
  - AFAmazonS3Manager (3.0.0):
    - AFNetworking (~> 2.4)
  - AFNetworking (2.4.1):
    - AFNetworking/NSURLConnection (= 2.4.1)
    - AFNetworking/NSURLSession (= 2.4.1)
    - AFNetworking/Reachability (= 2.4.1)
    - AFNetworking/Security (= 2.4.1)
    - AFNetworking/Serialization (= 2.4.1)
    - AFNetworking/UIKit (= 2.4.1)
  - AFNetworking/NSURLConnection (2.4.1):
    - AFNetworking/Reachability
    - AFNetworking/Security
    - AFNetworking/Serialization
  - AFNetworking/NSURLSession (2.4.1):
    - AFNetworking/Reachability
    - AFNetworking/Security
    - AFNetworking/Serialization
  - AFNetworking/Reachability (2.4.1)
  - AFNetworking/Security (2.4.1)
  - AFNetworking/Serialization (2.4.1)
  - AFNetworking/UIKit (2.4.1):
    - AFNetworking/NSURLConnection
    - AFNetworking/NSURLSession
  - AFOnoResponseSerializer (1.0.0):
    - AFNetworking (~> 2.2)
    - Ono (~> 1.0)
  - FileMD5Hash (2.0.0)
  - libextobjc (0.4.1):
    - libextobjc/EXTADT (= 0.4.1)
    - libextobjc/EXTConcreteProtocol (= 0.4.1)
    - libextobjc/EXTKeyPathCoding (= 0.4.1)
    - libextobjc/EXTNil (= 0.4.1)
    - libextobjc/EXTSafeCategory (= 0.4.1)
    - libextobjc/EXTScope (= 0.4.1)
    - libextobjc/EXTSelectorChecking (= 0.4.1)
    - libextobjc/EXTSynthesize (= 0.4.1)
    - libextobjc/NSInvocation+EXT (= 0.4.1)
    - libextobjc/NSMethodSignature+EXT (= 0.4.1)
    - libextobjc/RuntimeExtensions (= 0.4.1)
    - libextobjc/UmbrellaHeader (= 0.4.1)
  - libextobjc/EXTADT (0.4.1):
    - libextobjc/RuntimeExtensions
  - libextobjc/EXTConcreteProtocol (0.4.1):
    - libextobjc/RuntimeExtensions
  - libextobjc/EXTKeyPathCoding (0.4.1):
    - libextobjc/RuntimeExtensions
  - libextobjc/EXTNil (0.4.1):
    - libextobjc/RuntimeExtensions
  - libextobjc/EXTSafeCategory (0.4.1):
    - libextobjc/RuntimeExtensions
  - libextobjc/EXTScope (0.4.1):
    - libextobjc/RuntimeExtensions
  - libextobjc/EXTSelectorChecking (0.4.1):
    - libextobjc/RuntimeExtensions
  - libextobjc/EXTSynthesize (0.4.1):
    - libextobjc/RuntimeExtensions
  - libextobjc/NSInvocation+EXT (0.4.1):
    - libextobjc/RuntimeExtensions
  - libextobjc/NSMethodSignature+EXT (0.4.1):
    - libextobjc/RuntimeExtensions
  - libextobjc/RuntimeExtensions (0.4.1)
  - libextobjc/UmbrellaHeader (0.4.1)
  - Mantle (2.0.4):
    - Mantle/extobjc (= 2.0.4)
  - Mantle/extobjc (2.0.4)
  - ObjectiveSugar (1.1.0)
  - Ono (1.2.2)
  - ReactiveCocoa (2.5):
    - ReactiveCocoa/UI (= 2.5)
  - ReactiveCocoa/Core (2.5):
    - ReactiveCocoa/no-arc
  - ReactiveCocoa/no-arc (2.5)
  - ReactiveCocoa/UI (2.5):
    - ReactiveCocoa/Core
  - SkyS3Sync (0.6):
    - AFAmazonS3Manager (~> 3.0.0)
    - AFOnoResponseSerializer (~> 1.0.0)
    - FileMD5Hash (~> 2.0)
    - libextobjc (~> 0.4.1)
    - ObjectiveSugar (~> 1.1.0)
  - SkyScraper (0.26):
    - SkyScraper/All (= 0.26)
  - SkyScraper/AFNetworking2 (0.26):
    - AFNetworking (~> 2.4.1)
    - SkyScraper/Base
  - SkyScraper/All (0.26):
    - SkyScraper/AFNetworking2
    - SkyScraper/Mantle
  - SkyScraper/Base (0.26):
    - SkyScraper/libxslt-with-plugins
  - SkyScraper/libxslt-with-plugins (0.26)
  - SkyScraper/Mantle (0.26):
    - Mantle
    - SkyScraper/Base
  - SVProgressHUD (1.1.3)

DEPENDENCIES:
  - ObjectiveSugar (~> 1.1)
  - ReactiveCocoa (~> 2.4)
  - SkyS3Sync (from `https://github.com/justadreamer/SkyS3Sync`)
  - SkyScraper (from `https://github.com/justadreamer/SkyScraper`)
  - SVProgressHUD (~> 1.1)

EXTERNAL SOURCES:
  SkyS3Sync:
    :git: https://github.com/justadreamer/SkyS3Sync
  SkyScraper:
    :git: https://github.com/justadreamer/SkyScraper

CHECKOUT OPTIONS:
  SkyS3Sync:
    :commit: fe0b0c955087dde019c158fb852561b39014231d
    :git: https://github.com/justadreamer/SkyS3Sync
  SkyScraper:
    :commit: 8a8e4b397e182e59f2a33e44c63f355ad19d8a7e
    :git: https://github.com/justadreamer/SkyScraper

SPEC CHECKSUMS:
  AFAmazonS3Manager: de099a082182cd24babd3516b301f6460c8669d4
  AFNetworking: 41d45d2c14219af0fa5addf3cfd433a002c13c9f
  AFOnoResponseSerializer: c02c8bef1d6742ac68f33ecaed41826c9657bc33
  FileMD5Hash: 3ed69cc19a21ff4d30ae8833fc104275ad2c7de0
  libextobjc: a650fc1bf489a3d3a9bc2e621efa3e1006fc5471
  Mantle: 6bee68168423948be0c0c5924832bf3af188e099
  ObjectiveSugar: a6a25f23d657c19df0a0b972466d5b5ca9f5295c
  Ono: 80b1c686777d3f6d5d5ce6fcac8a74afef4ca197
  ReactiveCocoa: e2db045570aa97c695e7aa97c2bcab222ae51f4a
  SkyS3Sync: aa5bb65c3cbbd77df273c9444e0c51be26d88dc7
  SkyScraper: 28212033132445023b61d02abe9479341b44db8e
  SVProgressHUD: 748080e4f36e603f6c02aec292664239df5279c1

COCOAPODS: 0.38.2
