// !$*UTF8*$!
{
	archiveVersion = 1;
	classes = {
	};
	objectVersion = 46;
	objects = {

/* Begin PBXBuildFile section */
		4451294E1A09FF0D000364E1 /* main.m in Sources */ = {isa = PBXBuildFile; fileRef = 4451294D1A09FF0D000364E1 /* main.m */; };
		445129511A09FF0D000364E1 /* AppDelegate.m in Sources */ = {isa = PBXBuildFile; fileRef = 445129501A09FF0D000364E1 /* AppDelegate.m */; };
		445129571A09FF0D000364E1 /* Main.storyboard in Resources */ = {isa = PBXBuildFile; fileRef = 445129551A09FF0D000364E1 /* Main.storyboard */; };
		445129591A09FF0D000364E1 /* Images.xcassets in Resources */ = {isa = PBXBuildFile; fileRef = 445129581A09FF0D000364E1 /* Images.xcassets */; };
		4451295C1A09FF0D000364E1 /* LaunchScreen.xib in Resources */ = {isa = PBXBuildFile; fileRef = 4451295A1A09FF0D000364E1 /* LaunchScreen.xib */; };
		44B2EE721A0F905D000AFC00 /* CitiesViewController.m in Sources */ = {isa = PBXBuildFile; fileRef = 44B2EE711A0F905D000AFC00 /* CitiesViewController.m */; };
		44B2EE861A0F9118000AFC00 /* cinemas.xsl in Resources */ = {isa = PBXBuildFile; fileRef = 44B2EE741A0F9118000AFC00 /* cinemas.xsl */; };
		44B2EE871A0F9118000AFC00 /* cities.xsl in Resources */ = {isa = PBXBuildFile; fileRef = 44B2EE751A0F9118000AFC00 /* cities.xsl */; };
		44B2EE8D1A0F9118000AFC00 /* films.xsl in Resources */ = {isa = PBXBuildFile; fileRef = 44B2EE7C1A0F9118000AFC00 /* films.xsl */; };
		44B2EE8E1A0F9118000AFC00 /* single_cinema.xsl in Resources */ = {isa = PBXBuildFile; fileRef = 44B2EE7D1A0F9118000AFC00 /* single_cinema.xsl */; };
		44B2EE8F1A0F9118000AFC00 /* single_film.xsl in Resources */ = {isa = PBXBuildFile; fileRef = 44B2EE7E1A0F9118000AFC00 /* single_film.xsl */; };
		44B2EE921A0F9118000AFC00 /* tpl_attributes.xsl in Resources */ = {isa = PBXBuildFile; fileRef = 44B2EE811A0F9118000AFC00 /* tpl_attributes.xsl */; };
		44B2EE931A0F9118000AFC00 /* tpl_prepend_url.xsl in Resources */ = {isa = PBXBuildFile; fileRef = 44B2EE821A0F9118000AFC00 /* tpl_prepend_url.xsl */; };
		44B2EE941A0F9118000AFC00 /* tpl_rating_votes.xsl in Resources */ = {isa = PBXBuildFile; fileRef = 44B2EE831A0F9118000AFC00 /* tpl_rating_votes.xsl */; };
		44B2EE951A0F9118000AFC00 /* tpl_sanitize.xsl in Resources */ = {isa = PBXBuildFile; fileRef = 44B2EE841A0F9118000AFC00 /* tpl_sanitize.xsl */; };
		44B2EE961A0F9118000AFC00 /* tpl_schedule.xsl in Resources */ = {isa = PBXBuildFile; fileRef = 44B2EE851A0F9118000AFC00 /* tpl_schedule.xsl */; };
		44B2EE991A0F925D000AFC00 /* City.m in Sources */ = {isa = PBXBuildFile; fileRef = 44B2EE981A0F925D000AFC00 /* City.m */; };
		44B2EEA11A0FD1BE000AFC00 /* CinemasViewController.m in Sources */ = {isa = PBXBuildFile; fileRef = 44B2EEA01A0FD1BE000AFC00 /* CinemasViewController.m */; };
		44B2EEA41A0FD562000AFC00 /* Cinema.m in Sources */ = {isa = PBXBuildFile; fileRef = 44B2EEA31A0FD562000AFC00 /* Cinema.m */; };
		44B2EEA71A0FD74A000AFC00 /* CinemasContainer.m in Sources */ = {isa = PBXBuildFile; fileRef = 44B2EEA61A0FD74A000AFC00 /* CinemasContainer.m */; };
		44B2EEB21A10002C000AFC00 /* CinemaCell.m in Sources */ = {isa = PBXBuildFile; fileRef = 44B2EEB11A10002C000AFC00 /* CinemaCell.m */; };
		9F2F60FC7961C6B9A6F855D3 /* libPods-kinoafisha.a in Frameworks */ = {isa = PBXBuildFile; fileRef = DDBD344A5E1DC2EC06B7B3F4 /* libPods-kinoafisha.a */; };
/* End PBXBuildFile section */

/* Begin PBXFileReference section */
		0BF14987EA5F812207CE86EC /* Pods-kinoafisha.debug.xcconfig */ = {isa = PBXFileReference; includeInIndex = 1; lastKnownFileType = text.xcconfig; name = "Pods-kinoafisha.debug.xcconfig"; path = "Pods/Target Support Files/Pods-kinoafisha/Pods-kinoafisha.debug.xcconfig"; sourceTree = "<group>"; };
		445129481A09FF0D000364E1 /* kinoafisha.app */ = {isa = PBXFileReference; explicitFileType = wrapper.application; includeInIndex = 0; path = kinoafisha.app; sourceTree = BUILT_PRODUCTS_DIR; };
		4451294C1A09FF0D000364E1 /* Info.plist */ = {isa = PBXFileReference; lastKnownFileType = text.plist.xml; path = Info.plist; sourceTree = "<group>"; };
		4451294D1A09FF0D000364E1 /* main.m */ = {isa = PBXFileReference; lastKnownFileType = sourcecode.c.objc; path = main.m; sourceTree = "<group>"; };
		4451294F1A09FF0D000364E1 /* AppDelegate.h */ = {isa = PBXFileReference; lastKnownFileType = sourcecode.c.h; path = AppDelegate.h; sourceTree = "<group>"; };
		445129501A09FF0D000364E1 /* AppDelegate.m */ = {isa = PBXFileReference; lastKnownFileType = sourcecode.c.objc; path = AppDelegate.m; sourceTree = "<group>"; };
		445129561A09FF0D000364E1 /* Base */ = {isa = PBXFileReference; lastKnownFileType = file.storyboard; name = Base; path = Base.lproj/Main.storyboard; sourceTree = "<group>"; };
		445129581A09FF0D000364E1 /* Images.xcassets */ = {isa = PBXFileReference; lastKnownFileType = folder.assetcatalog; path = Images.xcassets; sourceTree = "<group>"; };
		4451295B1A09FF0D000364E1 /* Base */ = {isa = PBXFileReference; lastKnownFileType = file.xib; name = Base; path = Base.lproj/LaunchScreen.xib; sourceTree = "<group>"; };
		44B2EE701A0F905D000AFC00 /* CitiesViewController.h */ = {isa = PBXFileReference; fileEncoding = 4; lastKnownFileType = sourcecode.c.h; name = CitiesViewController.h; path = Controller/CitiesViewController.h; sourceTree = "<group>"; };
		44B2EE711A0F905D000AFC00 /* CitiesViewController.m */ = {isa = PBXFileReference; fileEncoding = 4; lastKnownFileType = sourcecode.c.objc; name = CitiesViewController.m; path = Controller/CitiesViewController.m; sourceTree = "<group>"; };
		44B2EE741A0F9118000AFC00 /* cinemas.xsl */ = {isa = PBXFileReference; fileEncoding = 4; lastKnownFileType = text.xml; path = cinemas.xsl; sourceTree = "<group>"; };
		44B2EE751A0F9118000AFC00 /* cities.xsl */ = {isa = PBXFileReference; fileEncoding = 4; lastKnownFileType = text.xml; path = cities.xsl; sourceTree = "<group>"; };
		44B2EE7C1A0F9118000AFC00 /* films.xsl */ = {isa = PBXFileReference; fileEncoding = 4; lastKnownFileType = text.xml; path = films.xsl; sourceTree = "<group>"; };
		44B2EE7D1A0F9118000AFC00 /* single_cinema.xsl */ = {isa = PBXFileReference; fileEncoding = 4; lastKnownFileType = text.xml; path = single_cinema.xsl; sourceTree = "<group>"; };
		44B2EE7E1A0F9118000AFC00 /* single_film.xsl */ = {isa = PBXFileReference; fileEncoding = 4; lastKnownFileType = text.xml; path = single_film.xsl; sourceTree = "<group>"; };
		44B2EE811A0F9118000AFC00 /* tpl_attributes.xsl */ = {isa = PBXFileReference; fileEncoding = 4; lastKnownFileType = text.xml; path = tpl_attributes.xsl; sourceTree = "<group>"; };
		44B2EE821A0F9118000AFC00 /* tpl_prepend_url.xsl */ = {isa = PBXFileReference; fileEncoding = 4; lastKnownFileType = text.xml; path = tpl_prepend_url.xsl; sourceTree = "<group>"; };
		44B2EE831A0F9118000AFC00 /* tpl_rating_votes.xsl */ = {isa = PBXFileReference; fileEncoding = 4; lastKnownFileType = text.xml; path = tpl_rating_votes.xsl; sourceTree = "<group>"; };
		44B2EE841A0F9118000AFC00 /* tpl_sanitize.xsl */ = {isa = PBXFileReference; fileEncoding = 4; lastKnownFileType = text.xml; path = tpl_sanitize.xsl; sourceTree = "<group>"; };
		44B2EE851A0F9118000AFC00 /* tpl_schedule.xsl */ = {isa = PBXFileReference; fileEncoding = 4; lastKnownFileType = text.xml; path = tpl_schedule.xsl; sourceTree = "<group>"; };
		44B2EE971A0F925D000AFC00 /* City.h */ = {isa = PBXFileReference; fileEncoding = 4; lastKnownFileType = sourcecode.c.h; name = City.h; path = Model/City.h; sourceTree = "<group>"; };
		44B2EE981A0F925D000AFC00 /* City.m */ = {isa = PBXFileReference; fileEncoding = 4; lastKnownFileType = sourcecode.c.objc; name = City.m; path = Model/City.m; sourceTree = "<group>"; };
		44B2EE9E1A0FA207000AFC00 /* Global.h */ = {isa = PBXFileReference; lastKnownFileType = sourcecode.c.h; path = Global.h; sourceTree = "<group>"; };
		44B2EE9F1A0FD1BE000AFC00 /* CinemasViewController.h */ = {isa = PBXFileReference; fileEncoding = 4; lastKnownFileType = sourcecode.c.h; path = CinemasViewController.h; sourceTree = "<group>"; };
		44B2EEA01A0FD1BE000AFC00 /* CinemasViewController.m */ = {isa = PBXFileReference; fileEncoding = 4; lastKnownFileType = sourcecode.c.objc; path = CinemasViewController.m; sourceTree = "<group>"; };
		44B2EEA21A0FD562000AFC00 /* Cinema.h */ = {isa = PBXFileReference; fileEncoding = 4; lastKnownFileType = sourcecode.c.h; name = Cinema.h; path = Model/Cinema.h; sourceTree = "<group>"; };
		44B2EEA31A0FD562000AFC00 /* Cinema.m */ = {isa = PBXFileReference; fileEncoding = 4; lastKnownFileType = sourcecode.c.objc; name = Cinema.m; path = Model/Cinema.m; sourceTree = "<group>"; };
		44B2EEA51A0FD74A000AFC00 /* CinemasContainer.h */ = {isa = PBXFileReference; fileEncoding = 4; lastKnownFileType = sourcecode.c.h; name = CinemasContainer.h; path = Model/CinemasContainer.h; sourceTree = "<group>"; };
		44B2EEA61A0FD74A000AFC00 /* CinemasContainer.m */ = {isa = PBXFileReference; fileEncoding = 4; lastKnownFileType = sourcecode.c.objc; name = CinemasContainer.m; path = Model/CinemasContainer.m; sourceTree = "<group>"; };
		44B2EEB01A10002C000AFC00 /* CinemaCell.h */ = {isa = PBXFileReference; fileEncoding = 4; lastKnownFileType = sourcecode.c.h; path = CinemaCell.h; sourceTree = "<group>"; };
		44B2EEB11A10002C000AFC00 /* CinemaCell.m */ = {isa = PBXFileReference; fileEncoding = 4; lastKnownFileType = sourcecode.c.objc; path = CinemaCell.m; sourceTree = "<group>"; };
		DDBD344A5E1DC2EC06B7B3F4 /* libPods-kinoafisha.a */ = {isa = PBXFileReference; explicitFileType = archive.ar; includeInIndex = 0; path = "libPods-kinoafisha.a"; sourceTree = BUILT_PRODUCTS_DIR; };
		F992382DC43E8364EEEFF699 /* Pods-kinoafisha.release.xcconfig */ = {isa = PBXFileReference; includeInIndex = 1; lastKnownFileType = text.xcconfig; name = "Pods-kinoafisha.release.xcconfig"; path = "Pods/Target Support Files/Pods-kinoafisha/Pods-kinoafisha.release.xcconfig"; sourceTree = "<group>"; };
/* End PBXFileReference section */

/* Begin PBXFrameworksBuildPhase section */
		445129451A09FF0D000364E1 /* Frameworks */ = {
			isa = PBXFrameworksBuildPhase;
			buildActionMask = 2147483647;
			files = (
				9F2F60FC7961C6B9A6F855D3 /* libPods-kinoafisha.a in Frameworks */,
			);
			runOnlyForDeploymentPostprocessing = 0;
		};
/* End PBXFrameworksBuildPhase section */

/* Begin PBXGroup section */
		17EA3707589F72CE15B1A3CB /* Frameworks */ = {
			isa = PBXGroup;
			children = (
				DDBD344A5E1DC2EC06B7B3F4 /* libPods-kinoafisha.a */,
			);
			name = Frameworks;
			sourceTree = "<group>";
		};
		4451293F1A09FF0D000364E1 = {
			isa = PBXGroup;
			children = (
				4451294A1A09FF0D000364E1 /* kinoafisha */,
				445129491A09FF0D000364E1 /* Products */,
				67B2D7D4FA4D134CF6ED29C7 /* Pods */,
				17EA3707589F72CE15B1A3CB /* Frameworks */,
			);
			sourceTree = "<group>";
		};
		445129491A09FF0D000364E1 /* Products */ = {
			isa = PBXGroup;
			children = (
				445129481A09FF0D000364E1 /* kinoafisha.app */,
			);
			name = Products;
			sourceTree = "<group>";
		};
		4451294A1A09FF0D000364E1 /* kinoafisha */ = {
			isa = PBXGroup;
			children = (
				44B2EE731A0F9118000AFC00 /* XSLT */,
				44B2EE6F1A0F9024000AFC00 /* Model */,
				44B2EE6E1A0F901C000AFC00 /* Controller */,
				44B2EEAF1A10002C000AFC00 /* TableViewCell */,
				4451294F1A09FF0D000364E1 /* AppDelegate.h */,
				445129501A09FF0D000364E1 /* AppDelegate.m */,
				445129551A09FF0D000364E1 /* Main.storyboard */,
				445129581A09FF0D000364E1 /* Images.xcassets */,
				4451295A1A09FF0D000364E1 /* LaunchScreen.xib */,
				4451294B1A09FF0D000364E1 /* Supporting Files */,
				44B2EE9E1A0FA207000AFC00 /* Global.h */,
			);
			path = kinoafisha;
			sourceTree = "<group>";
		};
		4451294B1A09FF0D000364E1 /* Supporting Files */ = {
			isa = PBXGroup;
			children = (
				4451294C1A09FF0D000364E1 /* Info.plist */,
				4451294D1A09FF0D000364E1 /* main.m */,
			);
			name = "Supporting Files";
			sourceTree = "<group>";
		};
		44B2EE6E1A0F901C000AFC00 /* Controller */ = {
			isa = PBXGroup;
			children = (
				44B2EE701A0F905D000AFC00 /* CitiesViewController.h */,
				44B2EE711A0F905D000AFC00 /* CitiesViewController.m */,
				44B2EE9F1A0FD1BE000AFC00 /* CinemasViewController.h */,
				44B2EEA01A0FD1BE000AFC00 /* CinemasViewController.m */,
			);
			name = Controller;
			sourceTree = "<group>";
		};
		44B2EE6F1A0F9024000AFC00 /* Model */ = {
			isa = PBXGroup;
			children = (
				44B2EE971A0F925D000AFC00 /* City.h */,
				44B2EE981A0F925D000AFC00 /* City.m */,
				44B2EEA21A0FD562000AFC00 /* Cinema.h */,
				44B2EEA31A0FD562000AFC00 /* Cinema.m */,
				44B2EEA51A0FD74A000AFC00 /* CinemasContainer.h */,
				44B2EEA61A0FD74A000AFC00 /* CinemasContainer.m */,
			);
			name = Model;
			sourceTree = "<group>";
		};
		44B2EE731A0F9118000AFC00 /* XSLT */ = {
			isa = PBXGroup;
			children = (
				44B2EE741A0F9118000AFC00 /* cinemas.xsl */,
				44B2EE751A0F9118000AFC00 /* cities.xsl */,
				44B2EE7C1A0F9118000AFC00 /* films.xsl */,
				44B2EE7D1A0F9118000AFC00 /* single_cinema.xsl */,
				44B2EE7E1A0F9118000AFC00 /* single_film.xsl */,
				44B2EE811A0F9118000AFC00 /* tpl_attributes.xsl */,
				44B2EE821A0F9118000AFC00 /* tpl_prepend_url.xsl */,
				44B2EE831A0F9118000AFC00 /* tpl_rating_votes.xsl */,
				44B2EE841A0F9118000AFC00 /* tpl_sanitize.xsl */,
				44B2EE851A0F9118000AFC00 /* tpl_schedule.xsl */,
			);
			path = XSLT;
			sourceTree = SOURCE_ROOT;
		};
		44B2EEAF1A10002C000AFC00 /* TableViewCell */ = {
			isa = PBXGroup;
			children = (
				44B2EEB01A10002C000AFC00 /* CinemaCell.h */,
				44B2EEB11A10002C000AFC00 /* CinemaCell.m */,
			);
			path = TableViewCell;
			sourceTree = "<group>";
		};
		67B2D7D4FA4D134CF6ED29C7 /* Pods */ = {
			isa = PBXGroup;
			children = (
				0BF14987EA5F812207CE86EC /* Pods-kinoafisha.debug.xcconfig */,
				F992382DC43E8364EEEFF699 /* Pods-kinoafisha.release.xcconfig */,
			);
			name = Pods;
			sourceTree = "<group>";
		};
/* End PBXGroup section */

/* Begin PBXNativeTarget section */
		445129471A09FF0D000364E1 /* kinoafisha */ = {
			isa = PBXNativeTarget;
			buildConfigurationList = 4451296B1A09FF0D000364E1 /* Build configuration list for PBXNativeTarget "kinoafisha" */;
			buildPhases = (
				272D7E3C577E205159926DF8 /* Check Pods Manifest.lock */,
				445129441A09FF0D000364E1 /* Sources */,
				445129451A09FF0D000364E1 /* Frameworks */,
				445129461A09FF0D000364E1 /* Resources */,
				AA5ACEF3EE6B96402669F714 /* Copy Pods Resources */,
			);
			buildRules = (
			);
			dependencies = (
			);
			name = kinoafisha;
			productName = kinoafisha;
			productReference = 445129481A09FF0D000364E1 /* kinoafisha.app */;
			productType = "com.apple.product-type.application";
		};
/* End PBXNativeTarget section */

/* Begin PBXProject section */
		445129401A09FF0D000364E1 /* Project object */ = {
			isa = PBXProject;
			attributes = {
				LastUpgradeCheck = 0610;
				ORGANIZATIONNAME = justadreamer;
				TargetAttributes = {
					445129471A09FF0D000364E1 = {
						CreatedOnToolsVersion = 6.1;
					};
				};
			};
			buildConfigurationList = 445129431A09FF0D000364E1 /* Build configuration list for PBXProject "kinoafisha" */;
			compatibilityVersion = "Xcode 3.2";
			developmentRegion = English;
			hasScannedForEncodings = 0;
			knownRegions = (
				en,
				Base,
			);
			mainGroup = 4451293F1A09FF0D000364E1;
			productRefGroup = 445129491A09FF0D000364E1 /* Products */;
			projectDirPath = "";
			projectRoot = "";
			targets = (
				445129471A09FF0D000364E1 /* kinoafisha */,
			);
		};
/* End PBXProject section */

/* Begin PBXResourcesBuildPhase section */
		445129461A09FF0D000364E1 /* Resources */ = {
			isa = PBXResourcesBuildPhase;
			buildActionMask = 2147483647;
			files = (
				44B2EE931A0F9118000AFC00 /* tpl_prepend_url.xsl in Resources */,
				44B2EE8E1A0F9118000AFC00 /* single_cinema.xsl in Resources */,
				44B2EE861A0F9118000AFC00 /* cinemas.xsl in Resources */,
				44B2EE941A0F9118000AFC00 /* tpl_rating_votes.xsl in Resources */,
				44B2EE961A0F9118000AFC00 /* tpl_schedule.xsl in Resources */,
				445129571A09FF0D000364E1 /* Main.storyboard in Resources */,
				44B2EE871A0F9118000AFC00 /* cities.xsl in Resources */,
				44B2EE951A0F9118000AFC00 /* tpl_sanitize.xsl in Resources */,
				4451295C1A09FF0D000364E1 /* LaunchScreen.xib in Resources */,
				445129591A09FF0D000364E1 /* Images.xcassets in Resources */,
				44B2EE921A0F9118000AFC00 /* tpl_attributes.xsl in Resources */,
				44B2EE8D1A0F9118000AFC00 /* films.xsl in Resources */,
				44B2EE8F1A0F9118000AFC00 /* single_film.xsl in Resources */,
			);
			runOnlyForDeploymentPostprocessing = 0;
		};
/* End PBXResourcesBuildPhase section */

/* Begin PBXShellScriptBuildPhase section */
		272D7E3C577E205159926DF8 /* Check Pods Manifest.lock */ = {
			isa = PBXShellScriptBuildPhase;
			buildActionMask = 2147483647;
			files = (
			);
			inputPaths = (
			);
			name = "Check Pods Manifest.lock";
			outputPaths = (
			);
			runOnlyForDeploymentPostprocessing = 0;
			shellPath = /bin/sh;
			shellScript = "diff \"${PODS_ROOT}/../Podfile.lock\" \"${PODS_ROOT}/Manifest.lock\" > /dev/null\nif [[ $? != 0 ]] ; then\n    cat << EOM\nerror: The sandbox is not in sync with the Podfile.lock. Run 'pod install' or update your CocoaPods installation.\nEOM\n    exit 1\nfi\n";
			showEnvVarsInLog = 0;
		};
		AA5ACEF3EE6B96402669F714 /* Copy Pods Resources */ = {
			isa = PBXShellScriptBuildPhase;
			buildActionMask = 2147483647;
			files = (
			);
			inputPaths = (
			);
			name = "Copy Pods Resources";
			outputPaths = (
			);
			runOnlyForDeploymentPostprocessing = 0;
			shellPath = /bin/sh;
			shellScript = "\"${SRCROOT}/Pods/Target Support Files/Pods-kinoafisha/Pods-kinoafisha-resources.sh\"\n";
			showEnvVarsInLog = 0;
		};
/* End PBXShellScriptBuildPhase section */

/* Begin PBXSourcesBuildPhase section */
		445129441A09FF0D000364E1 /* Sources */ = {
			isa = PBXSourcesBuildPhase;
			buildActionMask = 2147483647;
			files = (
				445129511A09FF0D000364E1 /* AppDelegate.m in Sources */,
				44B2EE721A0F905D000AFC00 /* CitiesViewController.m in Sources */,
				44B2EEA41A0FD562000AFC00 /* Cinema.m in Sources */,
				44B2EE991A0F925D000AFC00 /* City.m in Sources */,
				44B2EEB21A10002C000AFC00 /* CinemaCell.m in Sources */,
				4451294E1A09FF0D000364E1 /* main.m in Sources */,
				44B2EEA11A0FD1BE000AFC00 /* CinemasViewController.m in Sources */,
				44B2EEA71A0FD74A000AFC00 /* CinemasContainer.m in Sources */,
			);
			runOnlyForDeploymentPostprocessing = 0;
		};
/* End PBXSourcesBuildPhase section */

/* Begin PBXVariantGroup section */
		445129551A09FF0D000364E1 /* Main.storyboard */ = {
			isa = PBXVariantGroup;
			children = (
				445129561A09FF0D000364E1 /* Base */,
			);
			name = Main.storyboard;
			sourceTree = "<group>";
		};
		4451295A1A09FF0D000364E1 /* LaunchScreen.xib */ = {
			isa = PBXVariantGroup;
			children = (
				4451295B1A09FF0D000364E1 /* Base */,
			);
			name = LaunchScreen.xib;
			sourceTree = "<group>";
		};
/* End PBXVariantGroup section */

/* Begin XCBuildConfiguration section */
		445129691A09FF0D000364E1 /* Debug */ = {
			isa = XCBuildConfiguration;
			buildSettings = {
				ALWAYS_SEARCH_USER_PATHS = NO;
				CLANG_CXX_LANGUAGE_STANDARD = "gnu++0x";
				CLANG_CXX_LIBRARY = "libc++";
				CLANG_ENABLE_MODULES = YES;
				CLANG_ENABLE_OBJC_ARC = YES;
				CLANG_WARN_BOOL_CONVERSION = YES;
				CLANG_WARN_CONSTANT_CONVERSION = YES;
				CLANG_WARN_DIRECT_OBJC_ISA_USAGE = YES_ERROR;
				CLANG_WARN_EMPTY_BODY = YES;
				CLANG_WARN_ENUM_CONVERSION = YES;
				CLANG_WARN_INT_CONVERSION = YES;
				CLANG_WARN_OBJC_ROOT_CLASS = YES_ERROR;
				CLANG_WARN_UNREACHABLE_CODE = YES;
				CLANG_WARN__DUPLICATE_METHOD_MATCH = YES;
				"CODE_SIGN_IDENTITY[sdk=iphoneos*]" = "iPhone Developer";
				COPY_PHASE_STRIP = NO;
				ENABLE_STRICT_OBJC_MSGSEND = YES;
				GCC_C_LANGUAGE_STANDARD = gnu99;
				GCC_DYNAMIC_NO_PIC = NO;
				GCC_OPTIMIZATION_LEVEL = 0;
				GCC_PREPROCESSOR_DEFINITIONS = (
					"DEBUG=1",
					"$(inherited)",
				);
				GCC_SYMBOLS_PRIVATE_EXTERN = NO;
				GCC_WARN_64_TO_32_BIT_CONVERSION = YES;
				GCC_WARN_ABOUT_RETURN_TYPE = YES_ERROR;
				GCC_WARN_UNDECLARED_SELECTOR = YES;
				GCC_WARN_UNINITIALIZED_AUTOS = YES_AGGRESSIVE;
				GCC_WARN_UNUSED_FUNCTION = YES;
				GCC_WARN_UNUSED_VARIABLE = YES;
				IPHONEOS_DEPLOYMENT_TARGET = 8.1;
				MTL_ENABLE_DEBUG_INFO = YES;
				ONLY_ACTIVE_ARCH = YES;
				SDKROOT = iphoneos;
			};
			name = Debug;
		};
		4451296A1A09FF0D000364E1 /* Release */ = {
			isa = XCBuildConfiguration;
			buildSettings = {
				ALWAYS_SEARCH_USER_PATHS = NO;
				CLANG_CXX_LANGUAGE_STANDARD = "gnu++0x";
				CLANG_CXX_LIBRARY = "libc++";
				CLANG_ENABLE_MODULES = YES;
				CLANG_ENABLE_OBJC_ARC = YES;
				CLANG_WARN_BOOL_CONVERSION = YES;
				CLANG_WARN_CONSTANT_CONVERSION = YES;
				CLANG_WARN_DIRECT_OBJC_ISA_USAGE = YES_ERROR;
				CLANG_WARN_EMPTY_BODY = YES;
				CLANG_WARN_ENUM_CONVERSION = YES;
				CLANG_WARN_INT_CONVERSION = YES;
				CLANG_WARN_OBJC_ROOT_CLASS = YES_ERROR;
				CLANG_WARN_UNREACHABLE_CODE = YES;
				CLANG_WARN__DUPLICATE_METHOD_MATCH = YES;
				"CODE_SIGN_IDENTITY[sdk=iphoneos*]" = "iPhone Developer";
				COPY_PHASE_STRIP = YES;
				ENABLE_NS_ASSERTIONS = NO;
				ENABLE_STRICT_OBJC_MSGSEND = YES;
				GCC_C_LANGUAGE_STANDARD = gnu99;
				GCC_WARN_64_TO_32_BIT_CONVERSION = YES;
				GCC_WARN_ABOUT_RETURN_TYPE = YES_ERROR;
				GCC_WARN_UNDECLARED_SELECTOR = YES;
				GCC_WARN_UNINITIALIZED_AUTOS = YES_AGGRESSIVE;
				GCC_WARN_UNUSED_FUNCTION = YES;
				GCC_WARN_UNUSED_VARIABLE = YES;
				IPHONEOS_DEPLOYMENT_TARGET = 8.1;
				MTL_ENABLE_DEBUG_INFO = NO;
				SDKROOT = iphoneos;
				VALIDATE_PRODUCT = YES;
			};
			name = Release;
		};
		4451296C1A09FF0D000364E1 /* Debug */ = {
			isa = XCBuildConfiguration;
			baseConfigurationReference = 0BF14987EA5F812207CE86EC /* Pods-kinoafisha.debug.xcconfig */;
			buildSettings = {
				ASSETCATALOG_COMPILER_APPICON_NAME = AppIcon;
				INFOPLIST_FILE = kinoafisha/Info.plist;
				LD_RUNPATH_SEARCH_PATHS = "$(inherited) @executable_path/Frameworks";
				PRODUCT_NAME = "$(TARGET_NAME)";
			};
			name = Debug;
		};
		4451296D1A09FF0D000364E1 /* Release */ = {
			isa = XCBuildConfiguration;
			baseConfigurationReference = F992382DC43E8364EEEFF699 /* Pods-kinoafisha.release.xcconfig */;
			buildSettings = {
				ASSETCATALOG_COMPILER_APPICON_NAME = AppIcon;
				INFOPLIST_FILE = kinoafisha/Info.plist;
				LD_RUNPATH_SEARCH_PATHS = "$(inherited) @executable_path/Frameworks";
				PRODUCT_NAME = "$(TARGET_NAME)";
			};
			name = Release;
		};
/* End XCBuildConfiguration section */

/* Begin XCConfigurationList section */
		445129431A09FF0D000364E1 /* Build configuration list for PBXProject "kinoafisha" */ = {
			isa = XCConfigurationList;
			buildConfigurations = (
				445129691A09FF0D000364E1 /* Debug */,
				4451296A1A09FF0D000364E1 /* Release */,
			);
			defaultConfigurationIsVisible = 0;
			defaultConfigurationName = Release;
		};
		4451296B1A09FF0D000364E1 /* Build configuration list for PBXNativeTarget "kinoafisha" */ = {
			isa = XCConfigurationList;
			buildConfigurations = (
				4451296C1A09FF0D000364E1 /* Debug */,
				4451296D1A09FF0D000364E1 /* Release */,
			);
			defaultConfigurationIsVisible = 0;
			defaultConfigurationName = Release;
		};
/* End XCConfigurationList section */
	};
	rootObject = 445129401A09FF0D000364E1 /* Project object */;
}
