// !$*UTF8*$!
{
	archiveVersion = 1;
	classes = {
	};
	objectVersion = 46;
	objects = {

/* Begin PBXBuildFile section */
		4402AA8E22E324AE00D3FD02 /* ReloadButton.swift in Sources */ = {isa = PBXBuildFile; fileRef = 4402AA8D22E324AE00D3FD02 /* ReloadButton.swift */; };
		4402AA9022E3268D00D3FD02 /* SettingsButton.swift in Sources */ = {isa = PBXBuildFile; fileRef = 4402AA8F22E3268D00D3FD02 /* SettingsButton.swift */; };
		441B5E9F22E3A7BD00B33D95 /* LoadingState.swift in Sources */ = {isa = PBXBuildFile; fileRef = 441B5E9E22E3A7BD00B33D95 /* LoadingState.swift */; };
		441B5EA222E49C6300B33D95 /* films.json in Resources */ = {isa = PBXBuildFile; fileRef = 441B5EA122E49C6300B33D95 /* films.json */; };
		441B5EA922E5831300B33D95 /* Global.swift in Sources */ = {isa = PBXBuildFile; fileRef = 441B5EA822E5831300B33D95 /* Global.swift */; };
		441B5EAB22E5838900B33D95 /* URLRequest+Additions.swift in Sources */ = {isa = PBXBuildFile; fileRef = 441B5EAA22E5838900B33D95 /* URLRequest+Additions.swift */; };
		441B5EAD22E58C8900B33D95 /* ImageHolder.swift in Sources */ = {isa = PBXBuildFile; fileRef = 441B5EAC22E58C8800B33D95 /* ImageHolder.swift */; };
		4425EF4222CBE92E00321AFE /* CitySelectionView.swift in Sources */ = {isa = PBXBuildFile; fileRef = 4425EF4122CBE92E00321AFE /* CitySelectionView.swift */; };
		44476BD622D11C340066B61D /* CityButton.swift in Sources */ = {isa = PBXBuildFile; fileRef = 44476BD522D11C340066B61D /* CityButton.swift */; };
		44476BD822D11CD90066B61D /* LoadingView.swift in Sources */ = {isa = PBXBuildFile; fileRef = 44476BD722D11CD90066B61D /* LoadingView.swift */; };
		4451294E1A09FF0D000364E1 /* main.m in Sources */ = {isa = PBXBuildFile; fileRef = 4451294D1A09FF0D000364E1 /* main.m */; };
		445129511A09FF0D000364E1 /* AppDelegate.m in Sources */ = {isa = PBXBuildFile; fileRef = 445129501A09FF0D000364E1 /* AppDelegate.m */; };
		445129591A09FF0D000364E1 /* Images.xcassets in Resources */ = {isa = PBXBuildFile; fileRef = 445129581A09FF0D000364E1 /* Images.xcassets */; };
		4451295C1A09FF0D000364E1 /* LaunchScreen.xib in Resources */ = {isa = PBXBuildFile; fileRef = 4451295A1A09FF0D000364E1 /* LaunchScreen.xib */; };
		4467D94A22E71F170066D483 /* CinemaRow.swift in Sources */ = {isa = PBXBuildFile; fileRef = 4467D94922E71F170066D483 /* CinemaRow.swift */; };
		4472A41B22D66F84009E2E9C /* XSLTLoader.swift in Sources */ = {isa = PBXBuildFile; fileRef = 4472A41A22D66F84009E2E9C /* XSLTLoader.swift */; };
		4477C75522D11962004F7479 /* ProvidersContainer.swift in Sources */ = {isa = PBXBuildFile; fileRef = 4477C75422D11962004F7479 /* ProvidersContainer.swift */; };
		4477C75722D11A7E004F7479 /* City.swift in Sources */ = {isa = PBXBuildFile; fileRef = 4477C75622D11A7E004F7479 /* City.swift */; };
		448A6C7122D4740000BE7D05 /* SceneDelegate.swift in Sources */ = {isa = PBXBuildFile; fileRef = 448A6C7022D4740000BE7D05 /* SceneDelegate.swift */; };
		4498915F22D93C10002D26B2 /* CinemasContainer.swift in Sources */ = {isa = PBXBuildFile; fileRef = 4498915E22D93C10002D26B2 /* CinemasContainer.swift */; };
		4498916422D93E66002D26B2 /* FilmsView.swift in Sources */ = {isa = PBXBuildFile; fileRef = 4498916322D93E66002D26B2 /* FilmsView.swift */; };
		4498916622D93E72002D26B2 /* FilmRow.swift in Sources */ = {isa = PBXBuildFile; fileRef = 4498916522D93E72002D26B2 /* FilmRow.swift */; };
		4498916822D93EEF002D26B2 /* Film.swift in Sources */ = {isa = PBXBuildFile; fileRef = 4498916722D93EEF002D26B2 /* Film.swift */; };
		4498916A22D93FB4002D26B2 /* Attribute.swift in Sources */ = {isa = PBXBuildFile; fileRef = 4498916922D93FB4002D26B2 /* Attribute.swift */; };
		4498916C22D93FBC002D26B2 /* ScheduleEntry.swift in Sources */ = {isa = PBXBuildFile; fileRef = 4498916B22D93FBC002D26B2 /* ScheduleEntry.swift */; };
		449CE75022DBAD1C00958CC2 /* ModelProvider.swift in Sources */ = {isa = PBXBuildFile; fileRef = 449CE74F22DBAD1C00958CC2 /* ModelProvider.swift */; };
		44A7BAFA22F030220006D7B3 /* ActivityIndicator.swift in Sources */ = {isa = PBXBuildFile; fileRef = 44A7BAF922F030220006D7B3 /* ActivityIndicator.swift */; };
		44C03D4C22D504B100F5C246 /* TabBarView.swift in Sources */ = {isa = PBXBuildFile; fileRef = 44C03D4B22D504B100F5C246 /* TabBarView.swift */; };
		44C03D5022D5215F00F5C246 /* WelcomeView.swift in Sources */ = {isa = PBXBuildFile; fileRef = 44C03D4F22D5215F00F5C246 /* WelcomeView.swift */; };
		44C03D5222D5C9FA00F5C246 /* CinemasView.swift in Sources */ = {isa = PBXBuildFile; fileRef = 44C03D5122D5C9FA00F5C246 /* CinemasView.swift */; };
		44C03D5622D5CA2700F5C246 /* Cinema.swift in Sources */ = {isa = PBXBuildFile; fileRef = 44C03D5522D5CA2700F5C246 /* Cinema.swift */; };
		44C71AFC22E83A3B007A96E4 /* cinemascontainer.json in Resources */ = {isa = PBXBuildFile; fileRef = 44C71AFB22E83A3B007A96E4 /* cinemascontainer.json */; };
		44E4D61C1A5DC90100A89982 /* XSLT in Resources */ = {isa = PBXBuildFile; fileRef = 44E4D61B1A5DC90100A89982 /* XSLT */; };
		44F0483322EC59F300DC187F /* FilmDetailView.swift in Sources */ = {isa = PBXBuildFile; fileRef = 44F0483222EC59F300DC187F /* FilmDetailView.swift */; };
		44F0483522EC5C3100DC187F /* FilmScheduleView.swift in Sources */ = {isa = PBXBuildFile; fileRef = 44F0483422EC5C3100DC187F /* FilmScheduleView.swift */; };
		44F0483922ED0B3300DC187F /* CinemaScheduleView.swift in Sources */ = {isa = PBXBuildFile; fileRef = 44F0483822ED0B3300DC187F /* CinemaScheduleView.swift */; };
		B0DAF7237995C6A3CBEC3383 /* libPods-kinoafisha.a in Frameworks */ = {isa = PBXBuildFile; fileRef = B37F3045E9539DD28D9C91DC /* libPods-kinoafisha.a */; };
/* End PBXBuildFile section */

/* Begin PBXFileReference section */
		212345B14A1E9C5AC83C37B1 /* Pods-kinoafisha.release.xcconfig */ = {isa = PBXFileReference; includeInIndex = 1; lastKnownFileType = text.xcconfig; name = "Pods-kinoafisha.release.xcconfig"; path = "Pods/Target Support Files/Pods-kinoafisha/Pods-kinoafisha.release.xcconfig"; sourceTree = "<group>"; };
		4402AA8D22E324AE00D3FD02 /* ReloadButton.swift */ = {isa = PBXFileReference; lastKnownFileType = sourcecode.swift; path = ReloadButton.swift; sourceTree = "<group>"; };
		4402AA8F22E3268D00D3FD02 /* SettingsButton.swift */ = {isa = PBXFileReference; lastKnownFileType = sourcecode.swift; path = SettingsButton.swift; sourceTree = "<group>"; };
		441B5E9E22E3A7BD00B33D95 /* LoadingState.swift */ = {isa = PBXFileReference; lastKnownFileType = sourcecode.swift; path = LoadingState.swift; sourceTree = "<group>"; };
		441B5EA122E49C6300B33D95 /* films.json */ = {isa = PBXFileReference; lastKnownFileType = text.json; path = films.json; sourceTree = "<group>"; };
		441B5EA822E5831300B33D95 /* Global.swift */ = {isa = PBXFileReference; lastKnownFileType = sourcecode.swift; path = Global.swift; sourceTree = "<group>"; };
		441B5EAA22E5838900B33D95 /* URLRequest+Additions.swift */ = {isa = PBXFileReference; lastKnownFileType = sourcecode.swift; path = "URLRequest+Additions.swift"; sourceTree = "<group>"; };
		441B5EAC22E58C8800B33D95 /* ImageHolder.swift */ = {isa = PBXFileReference; fileEncoding = 4; lastKnownFileType = sourcecode.swift; path = ImageHolder.swift; sourceTree = "<group>"; };
		4425EF4022CBE92E00321AFE /* kinoafisha-Bridging-Header.h */ = {isa = PBXFileReference; lastKnownFileType = sourcecode.c.h; path = "kinoafisha-Bridging-Header.h"; sourceTree = "<group>"; };
		4425EF4122CBE92E00321AFE /* CitySelectionView.swift */ = {isa = PBXFileReference; lastKnownFileType = sourcecode.swift; path = CitySelectionView.swift; sourceTree = "<group>"; };
		44476BD522D11C340066B61D /* CityButton.swift */ = {isa = PBXFileReference; lastKnownFileType = sourcecode.swift; path = CityButton.swift; sourceTree = "<group>"; };
		44476BD722D11CD90066B61D /* LoadingView.swift */ = {isa = PBXFileReference; lastKnownFileType = sourcecode.swift; path = LoadingView.swift; sourceTree = "<group>"; };
		445129481A09FF0D000364E1 /* kinoafisha.app */ = {isa = PBXFileReference; explicitFileType = wrapper.application; includeInIndex = 0; path = kinoafisha.app; sourceTree = BUILT_PRODUCTS_DIR; };
		4451294C1A09FF0D000364E1 /* Info.plist */ = {isa = PBXFileReference; lastKnownFileType = text.plist.xml; path = Info.plist; sourceTree = "<group>"; };
		4451294D1A09FF0D000364E1 /* main.m */ = {isa = PBXFileReference; lastKnownFileType = sourcecode.c.objc; path = main.m; sourceTree = "<group>"; };
		4451294F1A09FF0D000364E1 /* AppDelegate.h */ = {isa = PBXFileReference; lastKnownFileType = sourcecode.c.h; path = AppDelegate.h; sourceTree = "<group>"; };
		445129501A09FF0D000364E1 /* AppDelegate.m */ = {isa = PBXFileReference; lastKnownFileType = sourcecode.c.objc; path = AppDelegate.m; sourceTree = "<group>"; };
		445129581A09FF0D000364E1 /* Images.xcassets */ = {isa = PBXFileReference; lastKnownFileType = folder.assetcatalog; path = Images.xcassets; sourceTree = "<group>"; };
		4451295B1A09FF0D000364E1 /* Base */ = {isa = PBXFileReference; lastKnownFileType = file.xib; name = Base; path = Base.lproj/LaunchScreen.xib; sourceTree = "<group>"; };
		4467D94922E71F170066D483 /* CinemaRow.swift */ = {isa = PBXFileReference; fileEncoding = 4; lastKnownFileType = sourcecode.swift; path = CinemaRow.swift; sourceTree = "<group>"; };
		4472A41A22D66F84009E2E9C /* XSLTLoader.swift */ = {isa = PBXFileReference; fileEncoding = 4; lastKnownFileType = sourcecode.swift; path = XSLTLoader.swift; sourceTree = "<group>"; };
		4477C75422D11962004F7479 /* ProvidersContainer.swift */ = {isa = PBXFileReference; lastKnownFileType = sourcecode.swift; path = ProvidersContainer.swift; sourceTree = "<group>"; };
		4477C75622D11A7E004F7479 /* City.swift */ = {isa = PBXFileReference; lastKnownFileType = sourcecode.swift; path = City.swift; sourceTree = "<group>"; };
		448A6C7022D4740000BE7D05 /* SceneDelegate.swift */ = {isa = PBXFileReference; lastKnownFileType = sourcecode.swift; path = SceneDelegate.swift; sourceTree = "<group>"; };
		4498915E22D93C10002D26B2 /* CinemasContainer.swift */ = {isa = PBXFileReference; lastKnownFileType = sourcecode.swift; path = CinemasContainer.swift; sourceTree = "<group>"; };
		4498916322D93E66002D26B2 /* FilmsView.swift */ = {isa = PBXFileReference; lastKnownFileType = sourcecode.swift; path = FilmsView.swift; sourceTree = "<group>"; };
		4498916522D93E72002D26B2 /* FilmRow.swift */ = {isa = PBXFileReference; lastKnownFileType = sourcecode.swift; path = FilmRow.swift; sourceTree = "<group>"; };
		4498916722D93EEF002D26B2 /* Film.swift */ = {isa = PBXFileReference; lastKnownFileType = sourcecode.swift; path = Film.swift; sourceTree = "<group>"; };
		4498916922D93FB4002D26B2 /* Attribute.swift */ = {isa = PBXFileReference; lastKnownFileType = sourcecode.swift; path = Attribute.swift; sourceTree = "<group>"; };
		4498916B22D93FBC002D26B2 /* ScheduleEntry.swift */ = {isa = PBXFileReference; lastKnownFileType = sourcecode.swift; path = ScheduleEntry.swift; sourceTree = "<group>"; };
		449CE74F22DBAD1C00958CC2 /* ModelProvider.swift */ = {isa = PBXFileReference; lastKnownFileType = sourcecode.swift; path = ModelProvider.swift; sourceTree = "<group>"; };
		44A7BAF922F030220006D7B3 /* ActivityIndicator.swift */ = {isa = PBXFileReference; fileEncoding = 4; lastKnownFileType = sourcecode.swift; path = ActivityIndicator.swift; sourceTree = "<group>"; };
		44B2EE9E1A0FA207000AFC00 /* Global.h */ = {isa = PBXFileReference; lastKnownFileType = sourcecode.c.h; path = Global.h; sourceTree = "<group>"; };
		44C03D4B22D504B100F5C246 /* TabBarView.swift */ = {isa = PBXFileReference; lastKnownFileType = sourcecode.swift; path = TabBarView.swift; sourceTree = "<group>"; };
		44C03D4F22D5215F00F5C246 /* WelcomeView.swift */ = {isa = PBXFileReference; lastKnownFileType = sourcecode.swift; path = WelcomeView.swift; sourceTree = "<group>"; };
		44C03D5122D5C9FA00F5C246 /* CinemasView.swift */ = {isa = PBXFileReference; lastKnownFileType = sourcecode.swift; path = CinemasView.swift; sourceTree = "<group>"; };
		44C03D5522D5CA2700F5C246 /* Cinema.swift */ = {isa = PBXFileReference; lastKnownFileType = sourcecode.swift; path = Cinema.swift; sourceTree = "<group>"; };
		44C71AFB22E83A3B007A96E4 /* cinemascontainer.json */ = {isa = PBXFileReference; lastKnownFileType = text.json; path = cinemascontainer.json; sourceTree = "<group>"; };
		44E4D61B1A5DC90100A89982 /* XSLT */ = {isa = PBXFileReference; lastKnownFileType = folder; name = XSLT; path = kinoafisha/XSLT; sourceTree = SOURCE_ROOT; };
		44E4D61D1A5DD08300A89982 /* S3Secrets.h */ = {isa = PBXFileReference; lastKnownFileType = sourcecode.c.h; path = S3Secrets.h; sourceTree = "<group>"; };
		44E4D61E1A5DD09900A89982 /* S3Secrets_Example.h */ = {isa = PBXFileReference; lastKnownFileType = sourcecode.c.h; name = S3Secrets_Example.h; path = ../S3Secrets_Example.h; sourceTree = "<group>"; };
		44F0483222EC59F300DC187F /* FilmDetailView.swift */ = {isa = PBXFileReference; lastKnownFileType = sourcecode.swift; path = FilmDetailView.swift; sourceTree = "<group>"; };
		44F0483422EC5C3100DC187F /* FilmScheduleView.swift */ = {isa = PBXFileReference; lastKnownFileType = sourcecode.swift; path = FilmScheduleView.swift; sourceTree = "<group>"; };
		44F0483822ED0B3300DC187F /* CinemaScheduleView.swift */ = {isa = PBXFileReference; lastKnownFileType = sourcecode.swift; path = CinemaScheduleView.swift; sourceTree = "<group>"; };
		892CF74CC3BA2D9C494A0029 /* Pods-kinoafisha.appstore.xcconfig */ = {isa = PBXFileReference; includeInIndex = 1; lastKnownFileType = text.xcconfig; name = "Pods-kinoafisha.appstore.xcconfig"; path = "Pods/Target Support Files/Pods-kinoafisha/Pods-kinoafisha.appstore.xcconfig"; sourceTree = "<group>"; };
		B37F3045E9539DD28D9C91DC /* libPods-kinoafisha.a */ = {isa = PBXFileReference; explicitFileType = archive.ar; includeInIndex = 0; path = "libPods-kinoafisha.a"; sourceTree = BUILT_PRODUCTS_DIR; };
		E47B8640D51702EB30B55AE4 /* Pods-kinoafisha.debug.xcconfig */ = {isa = PBXFileReference; includeInIndex = 1; lastKnownFileType = text.xcconfig; name = "Pods-kinoafisha.debug.xcconfig"; path = "Pods/Target Support Files/Pods-kinoafisha/Pods-kinoafisha.debug.xcconfig"; sourceTree = "<group>"; };
/* End PBXFileReference section */

/* Begin PBXFrameworksBuildPhase section */
		445129451A09FF0D000364E1 /* Frameworks */ = {
			isa = PBXFrameworksBuildPhase;
			buildActionMask = 2147483647;
			files = (
				B0DAF7237995C6A3CBEC3383 /* libPods-kinoafisha.a in Frameworks */,
			);
			runOnlyForDeploymentPostprocessing = 0;
		};
/* End PBXFrameworksBuildPhase section */

/* Begin PBXGroup section */
		4451293F1A09FF0D000364E1 = {
			isa = PBXGroup;
			children = (
				4451294A1A09FF0D000364E1 /* kinoafisha */,
				445129491A09FF0D000364E1 /* Products */,
				CFE7A2EB81ECC59B2A8334FF /* Pods */,
				8CC6DFD63434055C2682840D /* Frameworks */,
			);
			sourceTree = "<group>";
		};
		445129491A09FF0D000364E1 /* Products */ = {
			isa = PBXGroup;
			children = (
				445129481A09FF0D000364E1 /* kinoafisha.app */,
			);
			name = Products;
			sourceTree = "<group>";
		};
		4451294A1A09FF0D000364E1 /* kinoafisha */ = {
			isa = PBXGroup;
			children = (
				44F0483F22EEEBF500DC187F /* Films */,
				44F0483D22EEEBD500DC187F /* Cinemas */,
				44F0483C22EEEBBC00DC187F /* Cities */,
				44F0483B22EEDF5600DC187F /* Common */,
				44F0483A22EEDF4200DC187F /* fixtures */,
				4451294F1A09FF0D000364E1 /* AppDelegate.h */,
				445129501A09FF0D000364E1 /* AppDelegate.m */,
				445129581A09FF0D000364E1 /* Images.xcassets */,
				4451295A1A09FF0D000364E1 /* LaunchScreen.xib */,
				44B2EE9E1A0FA207000AFC00 /* Global.h */,
				44E4D61D1A5DD08300A89982 /* S3Secrets.h */,
				44E4D61E1A5DD09900A89982 /* S3Secrets_Example.h */,
				4425EF4022CBE92E00321AFE /* kinoafisha-Bridging-Header.h */,
				4451294C1A09FF0D000364E1 /* Info.plist */,
				4451294D1A09FF0D000364E1 /* main.m */,
				44E4D61B1A5DC90100A89982 /* XSLT */,
			);
			path = kinoafisha;
			sourceTree = "<group>";
		};
		44F0483A22EEDF4200DC187F /* fixtures */ = {
			isa = PBXGroup;
			children = (
				441B5EA122E49C6300B33D95 /* films.json */,
				44C71AFB22E83A3B007A96E4 /* cinemascontainer.json */,
			);
			path = fixtures;
			sourceTree = "<group>";
		};
		44F0483B22EEDF5600DC187F /* Common */ = {
			isa = PBXGroup;
			children = (
				44A7BAF922F030220006D7B3 /* ActivityIndicator.swift */,
				448A6C7022D4740000BE7D05 /* SceneDelegate.swift */,
				44C03D4B22D504B100F5C246 /* TabBarView.swift */,
				44C03D4F22D5215F00F5C246 /* WelcomeView.swift */,
				4477C75422D11962004F7479 /* ProvidersContainer.swift */,
				44476BD722D11CD90066B61D /* LoadingView.swift */,
				4402AA8D22E324AE00D3FD02 /* ReloadButton.swift */,
				4402AA8F22E3268D00D3FD02 /* SettingsButton.swift */,
				441B5EAC22E58C8800B33D95 /* ImageHolder.swift */,
				4472A41A22D66F84009E2E9C /* XSLTLoader.swift */,
				449CE74F22DBAD1C00958CC2 /* ModelProvider.swift */,
				441B5E9E22E3A7BD00B33D95 /* LoadingState.swift */,
				441B5EA822E5831300B33D95 /* Global.swift */,
				441B5EAA22E5838900B33D95 /* URLRequest+Additions.swift */,
			);
			path = Common;
			sourceTree = "<group>";
		};
		44F0483C22EEEBBC00DC187F /* Cities */ = {
			isa = PBXGroup;
			children = (
				4477C75622D11A7E004F7479 /* City.swift */,
				44476BD522D11C340066B61D /* CityButton.swift */,
				4425EF4122CBE92E00321AFE /* CitySelectionView.swift */,
			);
			path = Cities;
			sourceTree = "<group>";
		};
		44F0483D22EEEBD500DC187F /* Cinemas */ = {
			isa = PBXGroup;
			children = (
				4467D94922E71F170066D483 /* CinemaRow.swift */,
				44C03D5122D5C9FA00F5C246 /* CinemasView.swift */,
				44C03D5522D5CA2700F5C246 /* Cinema.swift */,
				4498915E22D93C10002D26B2 /* CinemasContainer.swift */,
				44F0483822ED0B3300DC187F /* CinemaScheduleView.swift */,
			);
			path = Cinemas;
			sourceTree = "<group>";
		};
		44F0483F22EEEBF500DC187F /* Films */ = {
			isa = PBXGroup;
			children = (
				4498916322D93E66002D26B2 /* FilmsView.swift */,
				4498916522D93E72002D26B2 /* FilmRow.swift */,
				4498916722D93EEF002D26B2 /* Film.swift */,
				4498916922D93FB4002D26B2 /* Attribute.swift */,
				4498916B22D93FBC002D26B2 /* ScheduleEntry.swift */,
				44F0483222EC59F300DC187F /* FilmDetailView.swift */,
				44F0483422EC5C3100DC187F /* FilmScheduleView.swift */,
			);
			path = Films;
			sourceTree = "<group>";
		};
		8CC6DFD63434055C2682840D /* Frameworks */ = {
			isa = PBXGroup;
			children = (
				B37F3045E9539DD28D9C91DC /* libPods-kinoafisha.a */,
			);
			name = Frameworks;
			sourceTree = "<group>";
		};
		CFE7A2EB81ECC59B2A8334FF /* Pods */ = {
			isa = PBXGroup;
			children = (
				E47B8640D51702EB30B55AE4 /* Pods-kinoafisha.debug.xcconfig */,
				212345B14A1E9C5AC83C37B1 /* Pods-kinoafisha.release.xcconfig */,
				892CF74CC3BA2D9C494A0029 /* Pods-kinoafisha.appstore.xcconfig */,
			);
			name = Pods;
			sourceTree = "<group>";
		};
/* End PBXGroup section */

/* Begin PBXNativeTarget section */
		445129471A09FF0D000364E1 /* kinoafisha */ = {
			isa = PBXNativeTarget;
			buildConfigurationList = 4451296B1A09FF0D000364E1 /* Build configuration list for PBXNativeTarget "kinoafisha" */;
			buildPhases = (
				DD5ACC0D70E5ABFFFD480ADC /* [CP] Check Pods Manifest.lock */,
				445129441A09FF0D000364E1 /* Sources */,
				445129451A09FF0D000364E1 /* Frameworks */,
				445129461A09FF0D000364E1 /* Resources */,
				3D0597348DE6AD39F7F189CB /* [CP] Copy Pods Resources */,
			);
			buildRules = (
			);
			dependencies = (
			);
			name = kinoafisha;
			productName = kinoafisha;
			productReference = 445129481A09FF0D000364E1 /* kinoafisha.app */;
			productType = "com.apple.product-type.application";
		};
/* End PBXNativeTarget section */

/* Begin PBXProject section */
		445129401A09FF0D000364E1 /* Project object */ = {
			isa = PBXProject;
			attributes = {
				LastUpgradeCheck = 1100;
				ORGANIZATIONNAME = justadreamer;
				TargetAttributes = {
					445129471A09FF0D000364E1 = {
						CreatedOnToolsVersion = 6.1;
						DevelopmentTeam = J89XB832R3;
						LastSwiftMigration = 1100;
						ProvisioningStyle = Automatic;
					};
				};
			};
			buildConfigurationList = 445129431A09FF0D000364E1 /* Build configuration list for PBXProject "kinoafisha" */;
			compatibilityVersion = "Xcode 3.2";
			developmentRegion = en;
			hasScannedForEncodings = 0;
			knownRegions = (
				en,
				Base,
			);
			mainGroup = 4451293F1A09FF0D000364E1;
			productRefGroup = 445129491A09FF0D000364E1 /* Products */;
			projectDirPath = "";
			projectRoot = "";
			targets = (
				445129471A09FF0D000364E1 /* kinoafisha */,
			);
		};
/* End PBXProject section */

/* Begin PBXResourcesBuildPhase section */
		445129461A09FF0D000364E1 /* Resources */ = {
			isa = PBXResourcesBuildPhase;
			buildActionMask = 2147483647;
			files = (
				4451295C1A09FF0D000364E1 /* LaunchScreen.xib in Resources */,
				445129591A09FF0D000364E1 /* Images.xcassets in Resources */,
				44E4D61C1A5DC90100A89982 /* XSLT in Resources */,
				441B5EA222E49C6300B33D95 /* films.json in Resources */,
				44C71AFC22E83A3B007A96E4 /* cinemascontainer.json in Resources */,
			);
			runOnlyForDeploymentPostprocessing = 0;
		};
/* End PBXResourcesBuildPhase section */

/* Begin PBXShellScriptBuildPhase section */
		3D0597348DE6AD39F7F189CB /* [CP] Copy Pods Resources */ = {
			isa = PBXShellScriptBuildPhase;
			buildActionMask = 2147483647;
			files = (
			);
			inputPaths = (
				"${PODS_ROOT}/Target Support Files/Pods-kinoafisha/Pods-kinoafisha-resources.sh",
				"${PODS_CONFIGURATION_BUILD_DIR}/HockeySDK/HockeySDKResources.bundle",
				"${PODS_ROOT}/SVProgressHUD/SVProgressHUD/SVProgressHUD.bundle",
			);
			name = "[CP] Copy Pods Resources";
			outputPaths = (
				"${TARGET_BUILD_DIR}/${UNLOCALIZED_RESOURCES_FOLDER_PATH}/HockeySDKResources.bundle",
				"${TARGET_BUILD_DIR}/${UNLOCALIZED_RESOURCES_FOLDER_PATH}/SVProgressHUD.bundle",
			);
			runOnlyForDeploymentPostprocessing = 0;
			shellPath = /bin/sh;
			shellScript = "\"${PODS_ROOT}/Target Support Files/Pods-kinoafisha/Pods-kinoafisha-resources.sh\"\n";
			showEnvVarsInLog = 0;
		};
		DD5ACC0D70E5ABFFFD480ADC /* [CP] Check Pods Manifest.lock */ = {
			isa = PBXShellScriptBuildPhase;
			buildActionMask = 2147483647;
			files = (
			);
			inputPaths = (
				"${PODS_PODFILE_DIR_PATH}/Podfile.lock",
				"${PODS_ROOT}/Manifest.lock",
			);
			name = "[CP] Check Pods Manifest.lock";
			outputPaths = (
				"$(DERIVED_FILE_DIR)/Pods-kinoafisha-checkManifestLockResult.txt",
			);
			runOnlyForDeploymentPostprocessing = 0;
			shellPath = /bin/sh;
			shellScript = "diff \"${PODS_PODFILE_DIR_PATH}/Podfile.lock\" \"${PODS_ROOT}/Manifest.lock\" > /dev/null\nif [ $? != 0 ] ; then\n    # print error to STDERR\n    echo \"error: The sandbox is not in sync with the Podfile.lock. Run 'pod install' or update your CocoaPods installation.\" >&2\n    exit 1\nfi\n# This output is used by Xcode 'outputs' to avoid re-running this script phase.\necho \"SUCCESS\" > \"${SCRIPT_OUTPUT_FILE_0}\"\n";
			showEnvVarsInLog = 0;
		};
/* End PBXShellScriptBuildPhase section */

/* Begin PBXSourcesBuildPhase section */
		445129441A09FF0D000364E1 /* Sources */ = {
			isa = PBXSourcesBuildPhase;
			buildActionMask = 2147483647;
			files = (
				4498916822D93EEF002D26B2 /* Film.swift in Sources */,
				44C03D5622D5CA2700F5C246 /* Cinema.swift in Sources */,
				44C03D5022D5215F00F5C246 /* WelcomeView.swift in Sources */,
				445129511A09FF0D000364E1 /* AppDelegate.m in Sources */,
				4498916422D93E66002D26B2 /* FilmsView.swift in Sources */,
				441B5EAB22E5838900B33D95 /* URLRequest+Additions.swift in Sources */,
				44476BD622D11C340066B61D /* CityButton.swift in Sources */,
				441B5EA922E5831300B33D95 /* Global.swift in Sources */,
				441B5E9F22E3A7BD00B33D95 /* LoadingState.swift in Sources */,
				44476BD822D11CD90066B61D /* LoadingView.swift in Sources */,
				448A6C7122D4740000BE7D05 /* SceneDelegate.swift in Sources */,
				4451294E1A09FF0D000364E1 /* main.m in Sources */,
				44F0483522EC5C3100DC187F /* FilmScheduleView.swift in Sources */,
				441B5EAD22E58C8900B33D95 /* ImageHolder.swift in Sources */,
				4472A41B22D66F84009E2E9C /* XSLTLoader.swift in Sources */,
				4498916622D93E72002D26B2 /* FilmRow.swift in Sources */,
				4477C75522D11962004F7479 /* ProvidersContainer.swift in Sources */,
				4498915F22D93C10002D26B2 /* CinemasContainer.swift in Sources */,
				4402AA8E22E324AE00D3FD02 /* ReloadButton.swift in Sources */,
				44C03D4C22D504B100F5C246 /* TabBarView.swift in Sources */,
				4498916A22D93FB4002D26B2 /* Attribute.swift in Sources */,
				4477C75722D11A7E004F7479 /* City.swift in Sources */,
				4467D94A22E71F170066D483 /* CinemaRow.swift in Sources */,
				4402AA9022E3268D00D3FD02 /* SettingsButton.swift in Sources */,
				44A7BAFA22F030220006D7B3 /* ActivityIndicator.swift in Sources */,
				44F0483922ED0B3300DC187F /* CinemaScheduleView.swift in Sources */,
				44F0483322EC59F300DC187F /* FilmDetailView.swift in Sources */,
				449CE75022DBAD1C00958CC2 /* ModelProvider.swift in Sources */,
				4498916C22D93FBC002D26B2 /* ScheduleEntry.swift in Sources */,
				4425EF4222CBE92E00321AFE /* CitySelectionView.swift in Sources */,
				44C03D5222D5C9FA00F5C246 /* CinemasView.swift in Sources */,
			);
			runOnlyForDeploymentPostprocessing = 0;
		};
/* End PBXSourcesBuildPhase section */

/* Begin PBXVariantGroup section */
		4451295A1A09FF0D000364E1 /* LaunchScreen.xib */ = {
			isa = PBXVariantGroup;
			children = (
				4451295B1A09FF0D000364E1 /* Base */,
			);
			name = LaunchScreen.xib;
			sourceTree = "<group>";
		};
/* End PBXVariantGroup section */

/* Begin XCBuildConfiguration section */
		445129691A09FF0D000364E1 /* Debug */ = {
			isa = XCBuildConfiguration;
			buildSettings = {
				ALWAYS_SEARCH_USER_PATHS = NO;
				CLANG_ANALYZER_LOCALIZABILITY_NONLOCALIZED = YES;
				CLANG_CXX_LANGUAGE_STANDARD = "gnu++0x";
				CLANG_CXX_LIBRARY = "libc++";
				CLANG_ENABLE_MODULES = YES;
				CLANG_ENABLE_OBJC_ARC = YES;
				CLANG_WARN_BLOCK_CAPTURE_AUTORELEASING = YES;
				CLANG_WARN_BOOL_CONVERSION = YES;
				CLANG_WARN_COMMA = YES;
				CLANG_WARN_CONSTANT_CONVERSION = YES;
				CLANG_WARN_DEPRECATED_OBJC_IMPLEMENTATIONS = YES;
				CLANG_WARN_DIRECT_OBJC_ISA_USAGE = YES_ERROR;
				CLANG_WARN_EMPTY_BODY = YES;
				CLANG_WARN_ENUM_CONVERSION = YES;
				CLANG_WARN_INFINITE_RECURSION = YES;
				CLANG_WARN_INT_CONVERSION = YES;
				CLANG_WARN_NON_LITERAL_NULL_CONVERSION = YES;
				CLANG_WARN_OBJC_IMPLICIT_RETAIN_SELF = YES;
				CLANG_WARN_OBJC_LITERAL_CONVERSION = YES;
				CLANG_WARN_OBJC_ROOT_CLASS = YES_ERROR;
				CLANG_WARN_RANGE_LOOP_ANALYSIS = YES;
				CLANG_WARN_STRICT_PROTOTYPES = YES;
				CLANG_WARN_SUSPICIOUS_MOVE = YES;
				CLANG_WARN_UNREACHABLE_CODE = YES;
				CLANG_WARN__DUPLICATE_METHOD_MATCH = YES;
				"CODE_SIGN_IDENTITY[sdk=iphoneos*]" = "iPhone Developer";
				COPY_PHASE_STRIP = NO;
				CURRENT_PROJECT_VERSION = 14;
				ENABLE_BITCODE = NO;
				ENABLE_STRICT_OBJC_MSGSEND = YES;
				ENABLE_TESTABILITY = YES;
				GCC_C_LANGUAGE_STANDARD = gnu99;
				GCC_DYNAMIC_NO_PIC = NO;
				GCC_NO_COMMON_BLOCKS = YES;
				GCC_OPTIMIZATION_LEVEL = 0;
				GCC_PREPROCESSOR_DEFINITIONS = (
					"DEBUG=1",
					"$(inherited)",
				);
				GCC_SYMBOLS_PRIVATE_EXTERN = NO;
				GCC_WARN_64_TO_32_BIT_CONVERSION = YES;
				GCC_WARN_ABOUT_RETURN_TYPE = YES_ERROR;
				GCC_WARN_UNDECLARED_SELECTOR = YES;
				GCC_WARN_UNINITIALIZED_AUTOS = YES_AGGRESSIVE;
				GCC_WARN_UNUSED_FUNCTION = YES;
				GCC_WARN_UNUSED_VARIABLE = YES;
				IPHONEOS_DEPLOYMENT_TARGET = 9.0;
				MTL_ENABLE_DEBUG_INFO = YES;
				ONLY_ACTIVE_ARCH = YES;
				SDKROOT = iphoneos;
				VERSIONING_SYSTEM = "apple-generic";
			};
			name = Debug;
		};
		4451296A1A09FF0D000364E1 /* Release */ = {
			isa = XCBuildConfiguration;
			buildSettings = {
				ALWAYS_SEARCH_USER_PATHS = NO;
				CLANG_ANALYZER_LOCALIZABILITY_NONLOCALIZED = YES;
				CLANG_CXX_LANGUAGE_STANDARD = "gnu++0x";
				CLANG_CXX_LIBRARY = "libc++";
				CLANG_ENABLE_MODULES = YES;
				CLANG_ENABLE_OBJC_ARC = YES;
				CLANG_WARN_BLOCK_CAPTURE_AUTORELEASING = YES;
				CLANG_WARN_BOOL_CONVERSION = YES;
				CLANG_WARN_COMMA = YES;
				CLANG_WARN_CONSTANT_CONVERSION = YES;
				CLANG_WARN_DEPRECATED_OBJC_IMPLEMENTATIONS = YES;
				CLANG_WARN_DIRECT_OBJC_ISA_USAGE = YES_ERROR;
				CLANG_WARN_EMPTY_BODY = YES;
				CLANG_WARN_ENUM_CONVERSION = YES;
				CLANG_WARN_INFINITE_RECURSION = YES;
				CLANG_WARN_INT_CONVERSION = YES;
				CLANG_WARN_NON_LITERAL_NULL_CONVERSION = YES;
				CLANG_WARN_OBJC_IMPLICIT_RETAIN_SELF = YES;
				CLANG_WARN_OBJC_LITERAL_CONVERSION = YES;
				CLANG_WARN_OBJC_ROOT_CLASS = YES_ERROR;
				CLANG_WARN_RANGE_LOOP_ANALYSIS = YES;
				CLANG_WARN_STRICT_PROTOTYPES = YES;
				CLANG_WARN_SUSPICIOUS_MOVE = YES;
				CLANG_WARN_UNREACHABLE_CODE = YES;
				CLANG_WARN__DUPLICATE_METHOD_MATCH = YES;
				"CODE_SIGN_IDENTITY[sdk=iphoneos*]" = "iPhone Developer";
				COPY_PHASE_STRIP = YES;
				CURRENT_PROJECT_VERSION = 14;
				ENABLE_BITCODE = NO;
				ENABLE_NS_ASSERTIONS = NO;
				ENABLE_STRICT_OBJC_MSGSEND = YES;
				GCC_C_LANGUAGE_STANDARD = gnu99;
				GCC_NO_COMMON_BLOCKS = YES;
				GCC_WARN_64_TO_32_BIT_CONVERSION = YES;
				GCC_WARN_ABOUT_RETURN_TYPE = YES_ERROR;
				GCC_WARN_UNDECLARED_SELECTOR = YES;
				GCC_WARN_UNINITIALIZED_AUTOS = YES_AGGRESSIVE;
				GCC_WARN_UNUSED_FUNCTION = YES;
				GCC_WARN_UNUSED_VARIABLE = YES;
				IPHONEOS_DEPLOYMENT_TARGET = 9.0;
				MTL_ENABLE_DEBUG_INFO = NO;
				SDKROOT = iphoneos;
				SWIFT_COMPILATION_MODE = wholemodule;
				VALIDATE_PRODUCT = YES;
				VERSIONING_SYSTEM = "apple-generic";
			};
			name = Release;
		};
		4451296C1A09FF0D000364E1 /* Debug */ = {
			isa = XCBuildConfiguration;
			baseConfigurationReference = E47B8640D51702EB30B55AE4 /* Pods-kinoafisha.debug.xcconfig */;
			buildSettings = {
				ASSETCATALOG_COMPILER_APPICON_NAME = AppIcon;
				CLANG_ENABLE_MODULES = YES;
				"CODE_SIGN_IDENTITY[sdk=iphoneos*]" = "iPhone Developer";
				DEVELOPMENT_TEAM = J89XB832R3;
				INFOPLIST_FILE = kinoafisha/Info.plist;
				IPHONEOS_DEPLOYMENT_TARGET = 13.0;
				LD_RUNPATH_SEARCH_PATHS = "$(inherited) @executable_path/Frameworks";
				MARKETING_VERSION = 1.0;
				PRODUCT_BUNDLE_IDENTIFIER = "com.justadreamer.$(PRODUCT_NAME:rfc1034identifier)";
				PRODUCT_NAME = "$(TARGET_NAME)";
				PROVISIONING_PROFILE = "";
				PROVISIONING_PROFILE_SPECIFIER = "";
				SWIFT_OBJC_BRIDGING_HEADER = "kinoafisha/kinoafisha-Bridging-Header.h";
				SWIFT_OPTIMIZATION_LEVEL = "-Onone";
				SWIFT_VERSION = 5.0;
			};
			name = Debug;
		};
		4451296D1A09FF0D000364E1 /* Release */ = {
			isa = XCBuildConfiguration;
			baseConfigurationReference = 212345B14A1E9C5AC83C37B1 /* Pods-kinoafisha.release.xcconfig */;
			buildSettings = {
				ASSETCATALOG_COMPILER_APPICON_NAME = AppIcon;
				CLANG_ENABLE_MODULES = YES;
				"CODE_SIGN_IDENTITY[sdk=iphoneos*]" = "iPhone Developer";
				DEVELOPMENT_TEAM = J89XB832R3;
				INFOPLIST_FILE = kinoafisha/Info.plist;
				IPHONEOS_DEPLOYMENT_TARGET = 13.0;
				LD_RUNPATH_SEARCH_PATHS = "$(inherited) @executable_path/Frameworks";
				MARKETING_VERSION = 1.0;
				PRODUCT_BUNDLE_IDENTIFIER = "com.justadreamer.$(PRODUCT_NAME:rfc1034identifier)";
				PRODUCT_NAME = "$(TARGET_NAME)";
				PROVISIONING_PROFILE = "";
				PROVISIONING_PROFILE_SPECIFIER = "";
				SWIFT_OBJC_BRIDGING_HEADER = "kinoafisha/kinoafisha-Bridging-Header.h";
				SWIFT_VERSION = 5.0;
			};
			name = Release;
		};
		4458CFB71BA5F75700EBE204 /* AppStore */ = {
			isa = XCBuildConfiguration;
			buildSettings = {
				ALWAYS_SEARCH_USER_PATHS = NO;
				CLANG_ANALYZER_LOCALIZABILITY_NONLOCALIZED = YES;
				CLANG_CXX_LANGUAGE_STANDARD = "gnu++0x";
				CLANG_CXX_LIBRARY = "libc++";
				CLANG_ENABLE_MODULES = YES;
				CLANG_ENABLE_OBJC_ARC = YES;
				CLANG_WARN_BLOCK_CAPTURE_AUTORELEASING = YES;
				CLANG_WARN_BOOL_CONVERSION = YES;
				CLANG_WARN_COMMA = YES;
				CLANG_WARN_CONSTANT_CONVERSION = YES;
				CLANG_WARN_DEPRECATED_OBJC_IMPLEMENTATIONS = YES;
				CLANG_WARN_DIRECT_OBJC_ISA_USAGE = YES_ERROR;
				CLANG_WARN_EMPTY_BODY = YES;
				CLANG_WARN_ENUM_CONVERSION = YES;
				CLANG_WARN_INFINITE_RECURSION = YES;
				CLANG_WARN_INT_CONVERSION = YES;
				CLANG_WARN_NON_LITERAL_NULL_CONVERSION = YES;
				CLANG_WARN_OBJC_IMPLICIT_RETAIN_SELF = YES;
				CLANG_WARN_OBJC_LITERAL_CONVERSION = YES;
				CLANG_WARN_OBJC_ROOT_CLASS = YES_ERROR;
				CLANG_WARN_RANGE_LOOP_ANALYSIS = YES;
				CLANG_WARN_STRICT_PROTOTYPES = YES;
				CLANG_WARN_SUSPICIOUS_MOVE = YES;
				CLANG_WARN_UNREACHABLE_CODE = YES;
				CLANG_WARN__DUPLICATE_METHOD_MATCH = YES;
				"CODE_SIGN_IDENTITY[sdk=iphoneos*]" = "iPhone Distribution";
				COPY_PHASE_STRIP = YES;
				CURRENT_PROJECT_VERSION = 14;
				ENABLE_BITCODE = NO;
				ENABLE_NS_ASSERTIONS = NO;
				ENABLE_STRICT_OBJC_MSGSEND = YES;
				GCC_C_LANGUAGE_STANDARD = gnu99;
				GCC_NO_COMMON_BLOCKS = YES;
				GCC_WARN_64_TO_32_BIT_CONVERSION = YES;
				GCC_WARN_ABOUT_RETURN_TYPE = YES_ERROR;
				GCC_WARN_UNDECLARED_SELECTOR = YES;
				GCC_WARN_UNINITIALIZED_AUTOS = YES_AGGRESSIVE;
				GCC_WARN_UNUSED_FUNCTION = YES;
				GCC_WARN_UNUSED_VARIABLE = YES;
				IPHONEOS_DEPLOYMENT_TARGET = 9.0;
				MTL_ENABLE_DEBUG_INFO = NO;
				SDKROOT = iphoneos;
				VALIDATE_PRODUCT = YES;
				VERSIONING_SYSTEM = "apple-generic";
			};
			name = AppStore;
		};
		4458CFB81BA5F75700EBE204 /* AppStore */ = {
			isa = XCBuildConfiguration;
			baseConfigurationReference = 892CF74CC3BA2D9C494A0029 /* Pods-kinoafisha.appstore.xcconfig */;
			buildSettings = {
				ASSETCATALOG_COMPILER_APPICON_NAME = AppIcon;
				CLANG_ENABLE_MODULES = YES;
				"CODE_SIGN_IDENTITY[sdk=iphoneos*]" = "iPhone Developer";
				DEVELOPMENT_TEAM = J89XB832R3;
				INFOPLIST_FILE = kinoafisha/Info.plist;
				IPHONEOS_DEPLOYMENT_TARGET = 13.0;
				LD_RUNPATH_SEARCH_PATHS = "$(inherited) @executable_path/Frameworks";
				MARKETING_VERSION = 1.0;
				PRODUCT_BUNDLE_IDENTIFIER = "com.justadreamer.$(PRODUCT_NAME:rfc1034identifier)";
				PRODUCT_NAME = "$(TARGET_NAME)";
				PROVISIONING_PROFILE = "";
				PROVISIONING_PROFILE_SPECIFIER = "";
				SWIFT_OBJC_BRIDGING_HEADER = "kinoafisha/kinoafisha-Bridging-Header.h";
				SWIFT_VERSION = 5.0;
			};
			name = AppStore;
		};
/* End XCBuildConfiguration section */

/* Begin XCConfigurationList section */
		445129431A09FF0D000364E1 /* Build configuration list for PBXProject "kinoafisha" */ = {
			isa = XCConfigurationList;
			buildConfigurations = (
				445129691A09FF0D000364E1 /* Debug */,
				4451296A1A09FF0D000364E1 /* Release */,
				4458CFB71BA5F75700EBE204 /* AppStore */,
			);
			defaultConfigurationIsVisible = 0;
			defaultConfigurationName = Release;
		};
		4451296B1A09FF0D000364E1 /* Build configuration list for PBXNativeTarget "kinoafisha" */ = {
			isa = XCConfigurationList;
			buildConfigurations = (
				4451296C1A09FF0D000364E1 /* Debug */,
				4451296D1A09FF0D000364E1 /* Release */,
				4458CFB81BA5F75700EBE204 /* AppStore */,
			);
			defaultConfigurationIsVisible = 0;
			defaultConfigurationName = Release;
		};
/* End XCConfigurationList section */
	};
	rootObject = 445129401A09FF0D000364E1 /* Project object */;
}
