// !$*UTF8*$!
{
	archiveVersion = 1;
	classes = {
	};
	objectVersion = 46;
	objects = {

/* Begin PBXBuildFile section */
		441ADB1E1A13E6CD00E01CF6 /* FilmDetailHeaderCell.m in Sources */ = {isa = PBXBuildFile; fileRef = 441ADB1D1A13E6CD00E01CF6 /* FilmDetailHeaderCell.m */; };
		441ADB211A13F19D00E01CF6 /* AttributeCell.m in Sources */ = {isa = PBXBuildFile; fileRef = 441ADB201A13F19D00E01CF6 /* AttributeCell.m */; };
		441C77A21A15683F00F9499E /* info@2x.png in Resources */ = {isa = PBXBuildFile; fileRef = 441C779A1A15683F00F9499E /* info@2x.png */; };
		441C77A31A15683F00F9499E /* cinema@2x.png in Resources */ = {isa = PBXBuildFile; fileRef = 441C779C1A15683F00F9499E /* cinema@2x.png */; };
		441C77A41A15683F00F9499E /* film@2x.png in Resources */ = {isa = PBXBuildFile; fileRef = 441C779E1A15683F00F9499E /* film@2x.png */; };
		441C77A51A15683F00F9499E /* ukraine@2x.png in Resources */ = {isa = PBXBuildFile; fileRef = 441C77A01A15683F00F9499E /* ukraine@2x.png */; };
		441C77A81A156CF500F9499E /* credits.html in Resources */ = {isa = PBXBuildFile; fileRef = 441C77A61A156CF500F9499E /* credits.html */; };
		441C77AB1A156D5700F9499E /* CreditsViewController.m in Sources */ = {isa = PBXBuildFile; fileRef = 441C77AA1A156D5700F9499E /* CreditsViewController.m */; };
		443AAABC1A62AE4B00F2A188 /* CitiesViewModel.m in Sources */ = {isa = PBXBuildFile; fileRef = 443AAABB1A62AE4B00F2A188 /* CitiesViewModel.m */; };
		443AAAC11A630A2B00F2A188 /* CinemasViewModel.m in Sources */ = {isa = PBXBuildFile; fileRef = 443AAAC01A630A2B00F2A188 /* CinemasViewModel.m */; };
		4451294E1A09FF0D000364E1 /* main.m in Sources */ = {isa = PBXBuildFile; fileRef = 4451294D1A09FF0D000364E1 /* main.m */; };
		445129511A09FF0D000364E1 /* AppDelegate.m in Sources */ = {isa = PBXBuildFile; fileRef = 445129501A09FF0D000364E1 /* AppDelegate.m */; };
		445129571A09FF0D000364E1 /* Main.storyboard in Resources */ = {isa = PBXBuildFile; fileRef = 445129551A09FF0D000364E1 /* Main.storyboard */; };
		445129591A09FF0D000364E1 /* Images.xcassets in Resources */ = {isa = PBXBuildFile; fileRef = 445129581A09FF0D000364E1 /* Images.xcassets */; };
		4451295C1A09FF0D000364E1 /* LaunchScreen.xib in Resources */ = {isa = PBXBuildFile; fileRef = 4451295A1A09FF0D000364E1 /* LaunchScreen.xib */; };
		446AA6AA1B9327F1003B3319 /* UIViewController+ViewModel.m in Sources */ = {isa = PBXBuildFile; fileRef = 446AA6A91B9327F1003B3319 /* UIViewController+ViewModel.m */; };
		4494D0291AAB31DC00C958B1 /* ScheduleViewModel.m in Sources */ = {isa = PBXBuildFile; fileRef = 4494D0281AAB31DC00C958B1 /* ScheduleViewModel.m */; };
		44B2EE721A0F905D000AFC00 /* CitiesViewController.m in Sources */ = {isa = PBXBuildFile; fileRef = 44B2EE711A0F905D000AFC00 /* CitiesViewController.m */; };
		44B2EE991A0F925D000AFC00 /* City.m in Sources */ = {isa = PBXBuildFile; fileRef = 44B2EE981A0F925D000AFC00 /* City.m */; };
		44B2EEA41A0FD562000AFC00 /* Cinema.m in Sources */ = {isa = PBXBuildFile; fileRef = 44B2EEA31A0FD562000AFC00 /* Cinema.m */; };
		44B2EEA71A0FD74A000AFC00 /* CinemasContainer.m in Sources */ = {isa = PBXBuildFile; fileRef = 44B2EEA61A0FD74A000AFC00 /* CinemasContainer.m */; };
		44B2EEB21A10002C000AFC00 /* CinemaCell.m in Sources */ = {isa = PBXBuildFile; fileRef = 44B2EEB11A10002C000AFC00 /* CinemaCell.m */; };
		44B2EF801A116C83000AFC00 /* ScheduleViewController.m in Sources */ = {isa = PBXBuildFile; fileRef = 44B2EF7F1A116C83000AFC00 /* ScheduleViewController.m */; };
		44B2EF831A116CAE000AFC00 /* CinemasViewController.m in Sources */ = {isa = PBXBuildFile; fileRef = 44B2EF811A116CAE000AFC00 /* CinemasViewController.m */; };
		44B2EF861A117299000AFC00 /* ScheduleEntry.m in Sources */ = {isa = PBXBuildFile; fileRef = 44B2EF851A117299000AFC00 /* ScheduleEntry.m */; };
		44B2EF891A12B57F000AFC00 /* ScheduleCinemaRoomCell.m in Sources */ = {isa = PBXBuildFile; fileRef = 44B2EF881A12B57F000AFC00 /* ScheduleCinemaRoomCell.m */; };
		44B2EF8C1A12B992000AFC00 /* Film.m in Sources */ = {isa = PBXBuildFile; fileRef = 44B2EF8B1A12B992000AFC00 /* Film.m */; };
		44B2EF8F1A12BA11000AFC00 /* Attribute.m in Sources */ = {isa = PBXBuildFile; fileRef = 44B2EF8E1A12BA11000AFC00 /* Attribute.m */; };
		44B2EF921A12C0F3000AFC00 /* FilmDetailViewController.m in Sources */ = {isa = PBXBuildFile; fileRef = 44B2EF911A12C0F3000AFC00 /* FilmDetailViewController.m */; };
		44C54DA61A153D4800AF22AD /* FilmsViewController.m in Sources */ = {isa = PBXBuildFile; fileRef = 44C54DA51A153D4800AF22AD /* FilmsViewController.m */; };
		44C54DA91A154BC900AF22AD /* FilmCell.m in Sources */ = {isa = PBXBuildFile; fileRef = 44C54DA81A154BC900AF22AD /* FilmCell.m */; };
		44C8189B1B91F8A400E538FB /* BaseViewModel.m in Sources */ = {isa = PBXBuildFile; fileRef = 44C8189A1B91F8A400E538FB /* BaseViewModel.m */; };
		44E4D61C1A5DC90100A89982 /* XSLT in Resources */ = {isa = PBXBuildFile; fileRef = 44E4D61B1A5DC90100A89982 /* XSLT */; };
		9F2F60FC7961C6B9A6F855D3 /* libPods-kinoafisha.a in Frameworks */ = {isa = PBXBuildFile; fileRef = DDBD344A5E1DC2EC06B7B3F4 /* libPods-kinoafisha.a */; };
/* End PBXBuildFile section */

/* Begin PBXFileReference section */
		0BF14987EA5F812207CE86EC /* Pods-kinoafisha.debug.xcconfig */ = {isa = PBXFileReference; includeInIndex = 1; lastKnownFileType = text.xcconfig; name = "Pods-kinoafisha.debug.xcconfig"; path = "Pods/Target Support Files/Pods-kinoafisha/Pods-kinoafisha.debug.xcconfig"; sourceTree = "<group>"; };
		441ADB1C1A13E6CD00E01CF6 /* FilmDetailHeaderCell.h */ = {isa = PBXFileReference; fileEncoding = 4; lastKnownFileType = sourcecode.c.h; path = FilmDetailHeaderCell.h; sourceTree = "<group>"; };
		441ADB1D1A13E6CD00E01CF6 /* FilmDetailHeaderCell.m */ = {isa = PBXFileReference; fileEncoding = 4; lastKnownFileType = sourcecode.c.objc; path = FilmDetailHeaderCell.m; sourceTree = "<group>"; };
		441ADB1F1A13F19D00E01CF6 /* AttributeCell.h */ = {isa = PBXFileReference; fileEncoding = 4; lastKnownFileType = sourcecode.c.h; path = AttributeCell.h; sourceTree = "<group>"; };
		441ADB201A13F19D00E01CF6 /* AttributeCell.m */ = {isa = PBXFileReference; fileEncoding = 4; lastKnownFileType = sourcecode.c.objc; path = AttributeCell.m; sourceTree = "<group>"; };
		441C779B1A15683F00F9499E /* Base */ = {isa = PBXFileReference; lastKnownFileType = image.png; name = Base; path = "Base.lproj/info@2x.png"; sourceTree = "<group>"; };
		441C779D1A15683F00F9499E /* Base */ = {isa = PBXFileReference; lastKnownFileType = image.png; name = Base; path = "Base.lproj/cinema@2x.png"; sourceTree = "<group>"; };
		441C779F1A15683F00F9499E /* Base */ = {isa = PBXFileReference; lastKnownFileType = image.png; name = Base; path = "Base.lproj/film@2x.png"; sourceTree = "<group>"; };
		441C77A11A15683F00F9499E /* Base */ = {isa = PBXFileReference; lastKnownFileType = image.png; name = Base; path = "Base.lproj/ukraine@2x.png"; sourceTree = "<group>"; };
		441C77A71A156CF500F9499E /* Base */ = {isa = PBXFileReference; lastKnownFileType = text.html; name = Base; path = Base.lproj/credits.html; sourceTree = "<group>"; };
		441C77A91A156D5700F9499E /* CreditsViewController.h */ = {isa = PBXFileReference; fileEncoding = 4; lastKnownFileType = sourcecode.c.h; name = CreditsViewController.h; path = Controller/CreditsViewController.h; sourceTree = "<group>"; };
		441C77AA1A156D5700F9499E /* CreditsViewController.m */ = {isa = PBXFileReference; fileEncoding = 4; lastKnownFileType = sourcecode.c.objc; name = CreditsViewController.m; path = Controller/CreditsViewController.m; sourceTree = "<group>"; };
		443AAABA1A62AE4B00F2A188 /* CitiesViewModel.h */ = {isa = PBXFileReference; fileEncoding = 4; lastKnownFileType = sourcecode.c.h; name = CitiesViewModel.h; path = Controller/CitiesViewModel.h; sourceTree = "<group>"; };
		443AAABB1A62AE4B00F2A188 /* CitiesViewModel.m */ = {isa = PBXFileReference; fileEncoding = 4; lastKnownFileType = sourcecode.c.objc; name = CitiesViewModel.m; path = Controller/CitiesViewModel.m; sourceTree = "<group>"; };
		443AAABF1A630A2B00F2A188 /* CinemasViewModel.h */ = {isa = PBXFileReference; fileEncoding = 4; lastKnownFileType = sourcecode.c.h; name = CinemasViewModel.h; path = Controller/CinemasViewModel.h; sourceTree = "<group>"; };
		443AAAC01A630A2B00F2A188 /* CinemasViewModel.m */ = {isa = PBXFileReference; fileEncoding = 4; lastKnownFileType = sourcecode.c.objc; name = CinemasViewModel.m; path = Controller/CinemasViewModel.m; sourceTree = "<group>"; };
		445129481A09FF0D000364E1 /* kinoafisha.app */ = {isa = PBXFileReference; explicitFileType = wrapper.application; includeInIndex = 0; path = kinoafisha.app; sourceTree = BUILT_PRODUCTS_DIR; };
		4451294C1A09FF0D000364E1 /* Info.plist */ = {isa = PBXFileReference; lastKnownFileType = text.plist.xml; path = Info.plist; sourceTree = "<group>"; };
		4451294D1A09FF0D000364E1 /* main.m */ = {isa = PBXFileReference; lastKnownFileType = sourcecode.c.objc; path = main.m; sourceTree = "<group>"; };
		4451294F1A09FF0D000364E1 /* AppDelegate.h */ = {isa = PBXFileReference; lastKnownFileType = sourcecode.c.h; path = AppDelegate.h; sourceTree = "<group>"; };
		445129501A09FF0D000364E1 /* AppDelegate.m */ = {isa = PBXFileReference; lastKnownFileType = sourcecode.c.objc; path = AppDelegate.m; sourceTree = "<group>"; };
		445129561A09FF0D000364E1 /* Base */ = {isa = PBXFileReference; lastKnownFileType = file.storyboard; name = Base; path = Base.lproj/Main.storyboard; sourceTree = "<group>"; };
		445129581A09FF0D000364E1 /* Images.xcassets */ = {isa = PBXFileReference; lastKnownFileType = folder.assetcatalog; path = Images.xcassets; sourceTree = "<group>"; };
		4451295B1A09FF0D000364E1 /* Base */ = {isa = PBXFileReference; lastKnownFileType = file.xib; name = Base; path = Base.lproj/LaunchScreen.xib; sourceTree = "<group>"; };
		446AA6A01B924E99003B3319 /* ViewModel.h */ = {isa = PBXFileReference; fileEncoding = 4; lastKnownFileType = sourcecode.c.h; name = ViewModel.h; path = Controller/ViewModel.h; sourceTree = "<group>"; };
		446AA6A11B925296003B3319 /* BaseViewModel+Protected.h */ = {isa = PBXFileReference; fileEncoding = 4; lastKnownFileType = sourcecode.c.h; name = "BaseViewModel+Protected.h"; path = "Controller/BaseViewModel+Protected.h"; sourceTree = "<group>"; };
		446AA6A81B9327F1003B3319 /* UIViewController+ViewModel.h */ = {isa = PBXFileReference; fileEncoding = 4; lastKnownFileType = sourcecode.c.h; name = "UIViewController+ViewModel.h"; path = "Controller/UIViewController+ViewModel.h"; sourceTree = "<group>"; };
		446AA6A91B9327F1003B3319 /* UIViewController+ViewModel.m */ = {isa = PBXFileReference; fileEncoding = 4; lastKnownFileType = sourcecode.c.objc; name = "UIViewController+ViewModel.m"; path = "Controller/UIViewController+ViewModel.m"; sourceTree = "<group>"; };
		4494D0271AAB31DC00C958B1 /* ScheduleViewModel.h */ = {isa = PBXFileReference; fileEncoding = 4; lastKnownFileType = sourcecode.c.h; name = ScheduleViewModel.h; path = Controller/ScheduleViewModel.h; sourceTree = "<group>"; };
		4494D0281AAB31DC00C958B1 /* ScheduleViewModel.m */ = {isa = PBXFileReference; fileEncoding = 4; lastKnownFileType = sourcecode.c.objc; name = ScheduleViewModel.m; path = Controller/ScheduleViewModel.m; sourceTree = "<group>"; };
		44B2EE701A0F905D000AFC00 /* CitiesViewController.h */ = {isa = PBXFileReference; fileEncoding = 4; lastKnownFileType = sourcecode.c.h; name = CitiesViewController.h; path = Controller/CitiesViewController.h; sourceTree = "<group>"; };
		44B2EE711A0F905D000AFC00 /* CitiesViewController.m */ = {isa = PBXFileReference; fileEncoding = 4; lastKnownFileType = sourcecode.c.objc; name = CitiesViewController.m; path = Controller/CitiesViewController.m; sourceTree = "<group>"; };
		44B2EE971A0F925D000AFC00 /* City.h */ = {isa = PBXFileReference; fileEncoding = 4; lastKnownFileType = sourcecode.c.h; name = City.h; path = Model/City.h; sourceTree = "<group>"; };
		44B2EE981A0F925D000AFC00 /* City.m */ = {isa = PBXFileReference; fileEncoding = 4; lastKnownFileType = sourcecode.c.objc; name = City.m; path = Model/City.m; sourceTree = "<group>"; };
		44B2EE9E1A0FA207000AFC00 /* Global.h */ = {isa = PBXFileReference; lastKnownFileType = sourcecode.c.h; path = Global.h; sourceTree = "<group>"; };
		44B2EEA21A0FD562000AFC00 /* Cinema.h */ = {isa = PBXFileReference; fileEncoding = 4; lastKnownFileType = sourcecode.c.h; name = Cinema.h; path = Model/Cinema.h; sourceTree = "<group>"; };
		44B2EEA31A0FD562000AFC00 /* Cinema.m */ = {isa = PBXFileReference; fileEncoding = 4; lastKnownFileType = sourcecode.c.objc; name = Cinema.m; path = Model/Cinema.m; sourceTree = "<group>"; };
		44B2EEA51A0FD74A000AFC00 /* CinemasContainer.h */ = {isa = PBXFileReference; fileEncoding = 4; lastKnownFileType = sourcecode.c.h; name = CinemasContainer.h; path = Model/CinemasContainer.h; sourceTree = "<group>"; };
		44B2EEA61A0FD74A000AFC00 /* CinemasContainer.m */ = {isa = PBXFileReference; fileEncoding = 4; lastKnownFileType = sourcecode.c.objc; name = CinemasContainer.m; path = Model/CinemasContainer.m; sourceTree = "<group>"; };
		44B2EEB01A10002C000AFC00 /* CinemaCell.h */ = {isa = PBXFileReference; fileEncoding = 4; lastKnownFileType = sourcecode.c.h; path = CinemaCell.h; sourceTree = "<group>"; };
		44B2EEB11A10002C000AFC00 /* CinemaCell.m */ = {isa = PBXFileReference; fileEncoding = 4; lastKnownFileType = sourcecode.c.objc; path = CinemaCell.m; sourceTree = "<group>"; };
		44B2EF7E1A116C83000AFC00 /* ScheduleViewController.h */ = {isa = PBXFileReference; fileEncoding = 4; lastKnownFileType = sourcecode.c.h; name = ScheduleViewController.h; path = Controller/ScheduleViewController.h; sourceTree = "<group>"; };
		44B2EF7F1A116C83000AFC00 /* ScheduleViewController.m */ = {isa = PBXFileReference; fileEncoding = 4; lastKnownFileType = sourcecode.c.objc; name = ScheduleViewController.m; path = Controller/ScheduleViewController.m; sourceTree = "<group>"; };
		44B2EF811A116CAE000AFC00 /* CinemasViewController.m */ = {isa = PBXFileReference; fileEncoding = 4; lastKnownFileType = sourcecode.c.objc; name = CinemasViewController.m; path = Controller/CinemasViewController.m; sourceTree = "<group>"; };
		44B2EF821A116CAE000AFC00 /* CinemasViewController.h */ = {isa = PBXFileReference; fileEncoding = 4; lastKnownFileType = sourcecode.c.h; name = CinemasViewController.h; path = Controller/CinemasViewController.h; sourceTree = "<group>"; };
		44B2EF841A117299000AFC00 /* ScheduleEntry.h */ = {isa = PBXFileReference; fileEncoding = 4; lastKnownFileType = sourcecode.c.h; name = ScheduleEntry.h; path = Model/ScheduleEntry.h; sourceTree = "<group>"; };
		44B2EF851A117299000AFC00 /* ScheduleEntry.m */ = {isa = PBXFileReference; fileEncoding = 4; lastKnownFileType = sourcecode.c.objc; name = ScheduleEntry.m; path = Model/ScheduleEntry.m; sourceTree = "<group>"; };
		44B2EF871A12B57F000AFC00 /* ScheduleCinemaRoomCell.h */ = {isa = PBXFileReference; fileEncoding = 4; lastKnownFileType = sourcecode.c.h; path = ScheduleCinemaRoomCell.h; sourceTree = "<group>"; };
		44B2EF881A12B57F000AFC00 /* ScheduleCinemaRoomCell.m */ = {isa = PBXFileReference; fileEncoding = 4; lastKnownFileType = sourcecode.c.objc; path = ScheduleCinemaRoomCell.m; sourceTree = "<group>"; };
		44B2EF8A1A12B992000AFC00 /* Film.h */ = {isa = PBXFileReference; fileEncoding = 4; lastKnownFileType = sourcecode.c.h; name = Film.h; path = Model/Film.h; sourceTree = "<group>"; };
		44B2EF8B1A12B992000AFC00 /* Film.m */ = {isa = PBXFileReference; fileEncoding = 4; lastKnownFileType = sourcecode.c.objc; name = Film.m; path = Model/Film.m; sourceTree = "<group>"; };
		44B2EF8D1A12BA11000AFC00 /* Attribute.h */ = {isa = PBXFileReference; fileEncoding = 4; lastKnownFileType = sourcecode.c.h; name = Attribute.h; path = Model/Attribute.h; sourceTree = "<group>"; };
		44B2EF8E1A12BA11000AFC00 /* Attribute.m */ = {isa = PBXFileReference; fileEncoding = 4; lastKnownFileType = sourcecode.c.objc; name = Attribute.m; path = Model/Attribute.m; sourceTree = "<group>"; };
		44B2EF901A12C0F3000AFC00 /* FilmDetailViewController.h */ = {isa = PBXFileReference; fileEncoding = 4; lastKnownFileType = sourcecode.c.h; name = FilmDetailViewController.h; path = Controller/FilmDetailViewController.h; sourceTree = "<group>"; };
		44B2EF911A12C0F3000AFC00 /* FilmDetailViewController.m */ = {isa = PBXFileReference; fileEncoding = 4; lastKnownFileType = sourcecode.c.objc; name = FilmDetailViewController.m; path = Controller/FilmDetailViewController.m; sourceTree = "<group>"; };
		44C54DA41A153D4800AF22AD /* FilmsViewController.h */ = {isa = PBXFileReference; fileEncoding = 4; lastKnownFileType = sourcecode.c.h; name = FilmsViewController.h; path = Controller/FilmsViewController.h; sourceTree = "<group>"; };
		44C54DA51A153D4800AF22AD /* FilmsViewController.m */ = {isa = PBXFileReference; fileEncoding = 4; lastKnownFileType = sourcecode.c.objc; name = FilmsViewController.m; path = Controller/FilmsViewController.m; sourceTree = "<group>"; };
		44C54DA71A154BC900AF22AD /* FilmCell.h */ = {isa = PBXFileReference; fileEncoding = 4; lastKnownFileType = sourcecode.c.h; path = FilmCell.h; sourceTree = "<group>"; };
		44C54DA81A154BC900AF22AD /* FilmCell.m */ = {isa = PBXFileReference; fileEncoding = 4; lastKnownFileType = sourcecode.c.objc; path = FilmCell.m; sourceTree = "<group>"; };
		44C818991B91F8A400E538FB /* BaseViewModel.h */ = {isa = PBXFileReference; fileEncoding = 4; lastKnownFileType = sourcecode.c.h; name = BaseViewModel.h; path = Controller/BaseViewModel.h; sourceTree = "<group>"; };
		44C8189A1B91F8A400E538FB /* BaseViewModel.m */ = {isa = PBXFileReference; fileEncoding = 4; lastKnownFileType = sourcecode.c.objc; name = BaseViewModel.m; path = Controller/BaseViewModel.m; sourceTree = "<group>"; };
		44E4D61B1A5DC90100A89982 /* XSLT */ = {isa = PBXFileReference; lastKnownFileType = folder; path = XSLT; sourceTree = SOURCE_ROOT; };
		44E4D61D1A5DD08300A89982 /* S3Secrets.h */ = {isa = PBXFileReference; lastKnownFileType = sourcecode.c.h; path = S3Secrets.h; sourceTree = "<group>"; };
		44E4D61E1A5DD09900A89982 /* S3Secrets_Example.h */ = {isa = PBXFileReference; lastKnownFileType = sourcecode.c.h; name = S3Secrets_Example.h; path = ../S3Secrets_Example.h; sourceTree = "<group>"; };
		DDBD344A5E1DC2EC06B7B3F4 /* libPods-kinoafisha.a */ = {isa = PBXFileReference; explicitFileType = archive.ar; includeInIndex = 0; path = "libPods-kinoafisha.a"; sourceTree = BUILT_PRODUCTS_DIR; };
		F992382DC43E8364EEEFF699 /* Pods-kinoafisha.release.xcconfig */ = {isa = PBXFileReference; includeInIndex = 1; lastKnownFileType = text.xcconfig; name = "Pods-kinoafisha.release.xcconfig"; path = "Pods/Target Support Files/Pods-kinoafisha/Pods-kinoafisha.release.xcconfig"; sourceTree = "<group>"; };
/* End PBXFileReference section */

/* Begin PBXFrameworksBuildPhase section */
		445129451A09FF0D000364E1 /* Frameworks */ = {
			isa = PBXFrameworksBuildPhase;
			buildActionMask = 2147483647;
			files = (
				9F2F60FC7961C6B9A6F855D3 /* libPods-kinoafisha.a in Frameworks */,
			);
			runOnlyForDeploymentPostprocessing = 0;
		};
/* End PBXFrameworksBuildPhase section */

/* Begin PBXGroup section */
		17EA3707589F72CE15B1A3CB /* Frameworks */ = {
			isa = PBXGroup;
			children = (
				DDBD344A5E1DC2EC06B7B3F4 /* libPods-kinoafisha.a */,
			);
			name = Frameworks;
			sourceTree = "<group>";
		};
		441C77901A15607E00F9499E /* Resources */ = {
			isa = PBXGroup;
			children = (
				441C77A61A156CF500F9499E /* credits.html */,
				441C779A1A15683F00F9499E /* info@2x.png */,
				441C779C1A15683F00F9499E /* cinema@2x.png */,
				441C779E1A15683F00F9499E /* film@2x.png */,
				441C77A01A15683F00F9499E /* ukraine@2x.png */,
			);
			name = Resources;
			sourceTree = "<group>";
		};
		443AAABD1A62AE5800F2A188 /* Cities */ = {
			isa = PBXGroup;
			children = (
				44B2EE701A0F905D000AFC00 /* CitiesViewController.h */,
				44B2EE711A0F905D000AFC00 /* CitiesViewController.m */,
				443AAABA1A62AE4B00F2A188 /* CitiesViewModel.h */,
				443AAABB1A62AE4B00F2A188 /* CitiesViewModel.m */,
			);
			name = Cities;
			sourceTree = "<group>";
		};
		443AAABE1A630A0900F2A188 /* Cinemas */ = {
			isa = PBXGroup;
			children = (
				44B2EF821A116CAE000AFC00 /* CinemasViewController.h */,
				44B2EF811A116CAE000AFC00 /* CinemasViewController.m */,
				443AAABF1A630A2B00F2A188 /* CinemasViewModel.h */,
				443AAAC01A630A2B00F2A188 /* CinemasViewModel.m */,
			);
			name = Cinemas;
			sourceTree = "<group>";
		};
		4451293F1A09FF0D000364E1 = {
			isa = PBXGroup;
			children = (
				4451294A1A09FF0D000364E1 /* kinoafisha */,
				445129491A09FF0D000364E1 /* Products */,
				67B2D7D4FA4D134CF6ED29C7 /* Pods */,
				17EA3707589F72CE15B1A3CB /* Frameworks */,
			);
			sourceTree = "<group>";
		};
		445129491A09FF0D000364E1 /* Products */ = {
			isa = PBXGroup;
			children = (
				445129481A09FF0D000364E1 /* kinoafisha.app */,
			);
			name = Products;
			sourceTree = "<group>";
		};
		4451294A1A09FF0D000364E1 /* kinoafisha */ = {
			isa = PBXGroup;
			children = (
				44E4D61B1A5DC90100A89982 /* XSLT */,
				44B2EE6F1A0F9024000AFC00 /* Model */,
				44B2EE6E1A0F901C000AFC00 /* UI: Controllers and ViewModels */,
				44B2EEAF1A10002C000AFC00 /* TableViewCell */,
				4451294F1A09FF0D000364E1 /* AppDelegate.h */,
				445129501A09FF0D000364E1 /* AppDelegate.m */,
				445129551A09FF0D000364E1 /* Main.storyboard */,
				445129581A09FF0D000364E1 /* Images.xcassets */,
				4451295A1A09FF0D000364E1 /* LaunchScreen.xib */,
				441C77901A15607E00F9499E /* Resources */,
				4451294B1A09FF0D000364E1 /* Supporting Files */,
				44B2EE9E1A0FA207000AFC00 /* Global.h */,
				44E4D61D1A5DD08300A89982 /* S3Secrets.h */,
				44E4D61E1A5DD09900A89982 /* S3Secrets_Example.h */,
			);
			path = kinoafisha;
			sourceTree = "<group>";
		};
		4451294B1A09FF0D000364E1 /* Supporting Files */ = {
			isa = PBXGroup;
			children = (
				4451294C1A09FF0D000364E1 /* Info.plist */,
				4451294D1A09FF0D000364E1 /* main.m */,
			);
			name = "Supporting Files";
			sourceTree = "<group>";
		};
		446AA6A41B932518003B3319 /* Film Detail */ = {
			isa = PBXGroup;
			children = (
				44B2EF901A12C0F3000AFC00 /* FilmDetailViewController.h */,
				44B2EF911A12C0F3000AFC00 /* FilmDetailViewController.m */,
			);
			name = "Film Detail";
			sourceTree = "<group>";
		};
		446AA6A51B93252E003B3319 /* Films */ = {
			isa = PBXGroup;
			children = (
				44C54DA41A153D4800AF22AD /* FilmsViewController.h */,
				44C54DA51A153D4800AF22AD /* FilmsViewController.m */,
			);
			name = Films;
			sourceTree = "<group>";
		};
		446AA6A61B93255C003B3319 /* Credits */ = {
			isa = PBXGroup;
			children = (
				441C77A91A156D5700F9499E /* CreditsViewController.h */,
				441C77AA1A156D5700F9499E /* CreditsViewController.m */,
			);
			name = Credits;
			sourceTree = "<group>";
		};
		446AA6A71B9327BD003B3319 /* Base */ = {
			isa = PBXGroup;
			children = (
				44C818991B91F8A400E538FB /* BaseViewModel.h */,
				44C8189A1B91F8A400E538FB /* BaseViewModel.m */,
				446AA6A01B924E99003B3319 /* ViewModel.h */,
				446AA6A11B925296003B3319 /* BaseViewModel+Protected.h */,
				446AA6A81B9327F1003B3319 /* UIViewController+ViewModel.h */,
				446AA6A91B9327F1003B3319 /* UIViewController+ViewModel.m */,
			);
			name = Base;
			sourceTree = "<group>";
		};
		4494D0231AAB319800C958B1 /* Schedule */ = {
			isa = PBXGroup;
			children = (
				44B2EF7E1A116C83000AFC00 /* ScheduleViewController.h */,
				44B2EF7F1A116C83000AFC00 /* ScheduleViewController.m */,
				4494D0271AAB31DC00C958B1 /* ScheduleViewModel.h */,
				4494D0281AAB31DC00C958B1 /* ScheduleViewModel.m */,
			);
			name = Schedule;
			sourceTree = "<group>";
		};
		44B2EE6E1A0F901C000AFC00 /* UI: Controllers and ViewModels */ = {
			isa = PBXGroup;
			children = (
				446AA6A71B9327BD003B3319 /* Base */,
				443AAABD1A62AE5800F2A188 /* Cities */,
				443AAABE1A630A0900F2A188 /* Cinemas */,
				4494D0231AAB319800C958B1 /* Schedule */,
				446AA6A41B932518003B3319 /* Film Detail */,
				446AA6A51B93252E003B3319 /* Films */,
				446AA6A61B93255C003B3319 /* Credits */,
			);
			name = "UI: Controllers and ViewModels";
			sourceTree = "<group>";
		};
		44B2EE6F1A0F9024000AFC00 /* Model */ = {
			isa = PBXGroup;
			children = (
				44B2EE971A0F925D000AFC00 /* City.h */,
				44B2EE981A0F925D000AFC00 /* City.m */,
				44B2EEA21A0FD562000AFC00 /* Cinema.h */,
				44B2EEA31A0FD562000AFC00 /* Cinema.m */,
				44B2EF8A1A12B992000AFC00 /* Film.h */,
				44B2EF8B1A12B992000AFC00 /* Film.m */,
				44B2EF8D1A12BA11000AFC00 /* Attribute.h */,
				44B2EF8E1A12BA11000AFC00 /* Attribute.m */,
				44B2EF841A117299000AFC00 /* ScheduleEntry.h */,
				44B2EF851A117299000AFC00 /* ScheduleEntry.m */,
				44B2EEA51A0FD74A000AFC00 /* CinemasContainer.h */,
				44B2EEA61A0FD74A000AFC00 /* CinemasContainer.m */,
			);
			name = Model;
			sourceTree = "<group>";
		};
		44B2EEAF1A10002C000AFC00 /* TableViewCell */ = {
			isa = PBXGroup;
			children = (
				44B2EEB01A10002C000AFC00 /* CinemaCell.h */,
				44B2EEB11A10002C000AFC00 /* CinemaCell.m */,
				44B2EF871A12B57F000AFC00 /* ScheduleCinemaRoomCell.h */,
				44B2EF881A12B57F000AFC00 /* ScheduleCinemaRoomCell.m */,
				441ADB1C1A13E6CD00E01CF6 /* FilmDetailHeaderCell.h */,
				441ADB1D1A13E6CD00E01CF6 /* FilmDetailHeaderCell.m */,
				441ADB1F1A13F19D00E01CF6 /* AttributeCell.h */,
				441ADB201A13F19D00E01CF6 /* AttributeCell.m */,
				44C54DA71A154BC900AF22AD /* FilmCell.h */,
				44C54DA81A154BC900AF22AD /* FilmCell.m */,
			);
			path = TableViewCell;
			sourceTree = "<group>";
		};
		67B2D7D4FA4D134CF6ED29C7 /* Pods */ = {
			isa = PBXGroup;
			children = (
				0BF14987EA5F812207CE86EC /* Pods-kinoafisha.debug.xcconfig */,
				F992382DC43E8364EEEFF699 /* Pods-kinoafisha.release.xcconfig */,
			);
			name = Pods;
			sourceTree = "<group>";
		};
/* End PBXGroup section */

/* Begin PBXNativeTarget section */
		445129471A09FF0D000364E1 /* kinoafisha */ = {
			isa = PBXNativeTarget;
			buildConfigurationList = 4451296B1A09FF0D000364E1 /* Build configuration list for PBXNativeTarget "kinoafisha" */;
			buildPhases = (
				272D7E3C577E205159926DF8 /* Check Pods Manifest.lock */,
				445129441A09FF0D000364E1 /* Sources */,
				445129451A09FF0D000364E1 /* Frameworks */,
				445129461A09FF0D000364E1 /* Resources */,
				AA5ACEF3EE6B96402669F714 /* Copy Pods Resources */,
			);
			buildRules = (
			);
			dependencies = (
			);
			name = kinoafisha;
			productName = kinoafisha;
			productReference = 445129481A09FF0D000364E1 /* kinoafisha.app */;
			productType = "com.apple.product-type.application";
		};
/* End PBXNativeTarget section */

/* Begin PBXProject section */
		445129401A09FF0D000364E1 /* Project object */ = {
			isa = PBXProject;
			attributes = {
				LastUpgradeCheck = 0640;
				ORGANIZATIONNAME = justadreamer;
				TargetAttributes = {
					445129471A09FF0D000364E1 = {
						CreatedOnToolsVersion = 6.1;
					};
				};
			};
			buildConfigurationList = 445129431A09FF0D000364E1 /* Build configuration list for PBXProject "kinoafisha" */;
			compatibilityVersion = "Xcode 3.2";
			developmentRegion = English;
			hasScannedForEncodings = 0;
			knownRegions = (
				en,
				Base,
			);
			mainGroup = 4451293F1A09FF0D000364E1;
			productRefGroup = 445129491A09FF0D000364E1 /* Products */;
			projectDirPath = "";
			projectRoot = "";
			targets = (
				445129471A09FF0D000364E1 /* kinoafisha */,
			);
		};
/* End PBXProject section */

/* Begin PBXResourcesBuildPhase section */
		445129461A09FF0D000364E1 /* Resources */ = {
			isa = PBXResourcesBuildPhase;
			buildActionMask = 2147483647;
			files = (
				441C77A51A15683F00F9499E /* ukraine@2x.png in Resources */,
				441C77A41A15683F00F9499E /* film@2x.png in Resources */,
				445129571A09FF0D000364E1 /* Main.storyboard in Resources */,
				4451295C1A09FF0D000364E1 /* LaunchScreen.xib in Resources */,
				445129591A09FF0D000364E1 /* Images.xcassets in Resources */,
				441C77A31A15683F00F9499E /* cinema@2x.png in Resources */,
				44E4D61C1A5DC90100A89982 /* XSLT in Resources */,
				441C77A21A15683F00F9499E /* info@2x.png in Resources */,
				441C77A81A156CF500F9499E /* credits.html in Resources */,
			);
			runOnlyForDeploymentPostprocessing = 0;
		};
/* End PBXResourcesBuildPhase section */

/* Begin PBXShellScriptBuildPhase section */
		272D7E3C577E205159926DF8 /* Check Pods Manifest.lock */ = {
			isa = PBXShellScriptBuildPhase;
			buildActionMask = 2147483647;
			files = (
			);
			inputPaths = (
			);
			name = "Check Pods Manifest.lock";
			outputPaths = (
			);
			runOnlyForDeploymentPostprocessing = 0;
			shellPath = /bin/sh;
			shellScript = "diff \"${PODS_ROOT}/../Podfile.lock\" \"${PODS_ROOT}/Manifest.lock\" > /dev/null\nif [[ $? != 0 ]] ; then\n    cat << EOM\nerror: The sandbox is not in sync with the Podfile.lock. Run 'pod install' or update your CocoaPods installation.\nEOM\n    exit 1\nfi\n";
			showEnvVarsInLog = 0;
		};
		AA5ACEF3EE6B96402669F714 /* Copy Pods Resources */ = {
			isa = PBXShellScriptBuildPhase;
			buildActionMask = 2147483647;
			files = (
			);
			inputPaths = (
			);
			name = "Copy Pods Resources";
			outputPaths = (
			);
			runOnlyForDeploymentPostprocessing = 0;
			shellPath = /bin/sh;
			shellScript = "\"${SRCROOT}/Pods/Target Support Files/Pods-kinoafisha/Pods-kinoafisha-resources.sh\"\n";
			showEnvVarsInLog = 0;
		};
/* End PBXShellScriptBuildPhase section */

/* Begin PBXSourcesBuildPhase section */
		445129441A09FF0D000364E1 /* Sources */ = {
			isa = PBXSourcesBuildPhase;
			buildActionMask = 2147483647;
			files = (
				44B2EF891A12B57F000AFC00 /* ScheduleCinemaRoomCell.m in Sources */,
				441C77AB1A156D5700F9499E /* CreditsViewController.m in Sources */,
				44C54DA61A153D4800AF22AD /* FilmsViewController.m in Sources */,
				446AA6AA1B9327F1003B3319 /* UIViewController+ViewModel.m in Sources */,
				445129511A09FF0D000364E1 /* AppDelegate.m in Sources */,
				44C8189B1B91F8A400E538FB /* BaseViewModel.m in Sources */,
				44B2EE721A0F905D000AFC00 /* CitiesViewController.m in Sources */,
				44B2EF8F1A12BA11000AFC00 /* Attribute.m in Sources */,
				44B2EEA41A0FD562000AFC00 /* Cinema.m in Sources */,
				44B2EF921A12C0F3000AFC00 /* FilmDetailViewController.m in Sources */,
				44B2EE991A0F925D000AFC00 /* City.m in Sources */,
				44B2EEB21A10002C000AFC00 /* CinemaCell.m in Sources */,
				4451294E1A09FF0D000364E1 /* main.m in Sources */,
				4494D0291AAB31DC00C958B1 /* ScheduleViewModel.m in Sources */,
				441ADB1E1A13E6CD00E01CF6 /* FilmDetailHeaderCell.m in Sources */,
				44B2EF801A116C83000AFC00 /* ScheduleViewController.m in Sources */,
				44B2EF861A117299000AFC00 /* ScheduleEntry.m in Sources */,
				44B2EF8C1A12B992000AFC00 /* Film.m in Sources */,
				44B2EEA71A0FD74A000AFC00 /* CinemasContainer.m in Sources */,
				443AAAC11A630A2B00F2A188 /* CinemasViewModel.m in Sources */,
				44C54DA91A154BC900AF22AD /* FilmCell.m in Sources */,
				443AAABC1A62AE4B00F2A188 /* CitiesViewModel.m in Sources */,
				441ADB211A13F19D00E01CF6 /* AttributeCell.m in Sources */,
				44B2EF831A116CAE000AFC00 /* CinemasViewController.m in Sources */,
			);
			runOnlyForDeploymentPostprocessing = 0;
		};
/* End PBXSourcesBuildPhase section */

/* Begin PBXVariantGroup section */
		441C779A1A15683F00F9499E /* info@2x.png */ = {
			isa = PBXVariantGroup;
			children = (
				441C779B1A15683F00F9499E /* Base */,
			);
			name = "info@2x.png";
			sourceTree = "<group>";
		};
		441C779C1A15683F00F9499E /* cinema@2x.png */ = {
			isa = PBXVariantGroup;
			children = (
				441C779D1A15683F00F9499E /* Base */,
			);
			name = "cinema@2x.png";
			sourceTree = "<group>";
		};
		441C779E1A15683F00F9499E /* film@2x.png */ = {
			isa = PBXVariantGroup;
			children = (
				441C779F1A15683F00F9499E /* Base */,
			);
			name = "film@2x.png";
			sourceTree = "<group>";
		};
		441C77A01A15683F00F9499E /* ukraine@2x.png */ = {
			isa = PBXVariantGroup;
			children = (
				441C77A11A15683F00F9499E /* Base */,
			);
			name = "ukraine@2x.png";
			sourceTree = "<group>";
		};
		441C77A61A156CF500F9499E /* credits.html */ = {
			isa = PBXVariantGroup;
			children = (
				441C77A71A156CF500F9499E /* Base */,
			);
			name = credits.html;
			sourceTree = "<group>";
		};
		445129551A09FF0D000364E1 /* Main.storyboard */ = {
			isa = PBXVariantGroup;
			children = (
				445129561A09FF0D000364E1 /* Base */,
			);
			name = Main.storyboard;
			sourceTree = "<group>";
		};
		4451295A1A09FF0D000364E1 /* LaunchScreen.xib */ = {
			isa = PBXVariantGroup;
			children = (
				4451295B1A09FF0D000364E1 /* Base */,
			);
			name = LaunchScreen.xib;
			sourceTree = "<group>";
		};
/* End PBXVariantGroup section */

/* Begin XCBuildConfiguration section */
		445129691A09FF0D000364E1 /* Debug */ = {
			isa = XCBuildConfiguration;
			buildSettings = {
				ALWAYS_SEARCH_USER_PATHS = NO;
				CLANG_CXX_LANGUAGE_STANDARD = "gnu++0x";
				CLANG_CXX_LIBRARY = "libc++";
				CLANG_ENABLE_MODULES = YES;
				CLANG_ENABLE_OBJC_ARC = YES;
				CLANG_WARN_BOOL_CONVERSION = YES;
				CLANG_WARN_CONSTANT_CONVERSION = YES;
				CLANG_WARN_DIRECT_OBJC_ISA_USAGE = YES_ERROR;
				CLANG_WARN_EMPTY_BODY = YES;
				CLANG_WARN_ENUM_CONVERSION = YES;
				CLANG_WARN_INT_CONVERSION = YES;
				CLANG_WARN_OBJC_ROOT_CLASS = YES_ERROR;
				CLANG_WARN_UNREACHABLE_CODE = YES;
				CLANG_WARN__DUPLICATE_METHOD_MATCH = YES;
				"CODE_SIGN_IDENTITY[sdk=iphoneos*]" = "iPhone Developer";
				COPY_PHASE_STRIP = NO;
				ENABLE_STRICT_OBJC_MSGSEND = YES;
				GCC_C_LANGUAGE_STANDARD = gnu99;
				GCC_DYNAMIC_NO_PIC = NO;
				GCC_OPTIMIZATION_LEVEL = 0;
				GCC_PREPROCESSOR_DEFINITIONS = (
					"DEBUG=1",
					"$(inherited)",
				);
				GCC_SYMBOLS_PRIVATE_EXTERN = NO;
				GCC_WARN_64_TO_32_BIT_CONVERSION = YES;
				GCC_WARN_ABOUT_RETURN_TYPE = YES_ERROR;
				GCC_WARN_UNDECLARED_SELECTOR = YES;
				GCC_WARN_UNINITIALIZED_AUTOS = YES_AGGRESSIVE;
				GCC_WARN_UNUSED_FUNCTION = YES;
				GCC_WARN_UNUSED_VARIABLE = YES;
				IPHONEOS_DEPLOYMENT_TARGET = 8.0;
				MTL_ENABLE_DEBUG_INFO = YES;
				ONLY_ACTIVE_ARCH = YES;
				SDKROOT = iphoneos;
			};
			name = Debug;
		};
		4451296A1A09FF0D000364E1 /* Release */ = {
			isa = XCBuildConfiguration;
			buildSettings = {
				ALWAYS_SEARCH_USER_PATHS = NO;
				CLANG_CXX_LANGUAGE_STANDARD = "gnu++0x";
				CLANG_CXX_LIBRARY = "libc++";
				CLANG_ENABLE_MODULES = YES;
				CLANG_ENABLE_OBJC_ARC = YES;
				CLANG_WARN_BOOL_CONVERSION = YES;
				CLANG_WARN_CONSTANT_CONVERSION = YES;
				CLANG_WARN_DIRECT_OBJC_ISA_USAGE = YES_ERROR;
				CLANG_WARN_EMPTY_BODY = YES;
				CLANG_WARN_ENUM_CONVERSION = YES;
				CLANG_WARN_INT_CONVERSION = YES;
				CLANG_WARN_OBJC_ROOT_CLASS = YES_ERROR;
				CLANG_WARN_UNREACHABLE_CODE = YES;
				CLANG_WARN__DUPLICATE_METHOD_MATCH = YES;
				"CODE_SIGN_IDENTITY[sdk=iphoneos*]" = "iPhone Developer";
				COPY_PHASE_STRIP = YES;
				ENABLE_NS_ASSERTIONS = NO;
				ENABLE_STRICT_OBJC_MSGSEND = YES;
				GCC_C_LANGUAGE_STANDARD = gnu99;
				GCC_WARN_64_TO_32_BIT_CONVERSION = YES;
				GCC_WARN_ABOUT_RETURN_TYPE = YES_ERROR;
				GCC_WARN_UNDECLARED_SELECTOR = YES;
				GCC_WARN_UNINITIALIZED_AUTOS = YES_AGGRESSIVE;
				GCC_WARN_UNUSED_FUNCTION = YES;
				GCC_WARN_UNUSED_VARIABLE = YES;
				IPHONEOS_DEPLOYMENT_TARGET = 8.0;
				MTL_ENABLE_DEBUG_INFO = NO;
				SDKROOT = iphoneos;
				VALIDATE_PRODUCT = YES;
			};
			name = Release;
		};
		4451296C1A09FF0D000364E1 /* Debug */ = {
			isa = XCBuildConfiguration;
			baseConfigurationReference = 0BF14987EA5F812207CE86EC /* Pods-kinoafisha.debug.xcconfig */;
			buildSettings = {
				ASSETCATALOG_COMPILER_APPICON_NAME = AppIcon;
				INFOPLIST_FILE = kinoafisha/Info.plist;
				LD_RUNPATH_SEARCH_PATHS = "$(inherited) @executable_path/Frameworks";
				PRODUCT_NAME = "$(TARGET_NAME)";
				PROVISIONING_PROFILE = "c14a580b-aded-49a6-8925-b9857d81fffe";
			};
			name = Debug;
		};
		4451296D1A09FF0D000364E1 /* Release */ = {
			isa = XCBuildConfiguration;
			baseConfigurationReference = F992382DC43E8364EEEFF699 /* Pods-kinoafisha.release.xcconfig */;
			buildSettings = {
				ASSETCATALOG_COMPILER_APPICON_NAME = AppIcon;
				"CODE_SIGN_IDENTITY[sdk=iphoneos*]" = "iPhone Distribution: Eugene Dorfman (J89XB832R3)";
				INFOPLIST_FILE = kinoafisha/Info.plist;
				LD_RUNPATH_SEARCH_PATHS = "$(inherited) @executable_path/Frameworks";
				PRODUCT_NAME = "$(TARGET_NAME)";
				PROVISIONING_PROFILE = "1ca913e8-640a-4757-bf99-9cf3bb8014e1";
			};
			name = Release;
		};
/* End XCBuildConfiguration section */

/* Begin XCConfigurationList section */
		445129431A09FF0D000364E1 /* Build configuration list for PBXProject "kinoafisha" */ = {
			isa = XCConfigurationList;
			buildConfigurations = (
				445129691A09FF0D000364E1 /* Debug */,
				4451296A1A09FF0D000364E1 /* Release */,
			);
			defaultConfigurationIsVisible = 0;
			defaultConfigurationName = Release;
		};
		4451296B1A09FF0D000364E1 /* Build configuration list for PBXNativeTarget "kinoafisha" */ = {
			isa = XCConfigurationList;
			buildConfigurations = (
				4451296C1A09FF0D000364E1 /* Debug */,
				4451296D1A09FF0D000364E1 /* Release */,
			);
			defaultConfigurationIsVisible = 0;
			defaultConfigurationName = Release;
		};
/* End XCConfigurationList section */
	};
	rootObject = 445129401A09FF0D000364E1 /* Project object */;
}
